// !$*UTF8*$!
{
	archiveVersion = 1;
	classes = {
	};
	objectVersion = 46;
	objects = {

/* Begin PBXBuildFile section */
		371119501A832130002D7E6B /* FixedPeers.plist in Resources */ = {isa = PBXBuildFile; fileRef = 3711194F1A832130002D7E6B /* FixedPeers.plist */; };
		371119531A832193002D7E6B /* BreadWalletTests.m in Sources */ = {isa = PBXBuildFile; fileRef = 371119521A832193002D7E6B /* BreadWalletTests.m */; };
		3752B1C41A83709B0029C91C /* BreadcrumbCore.h in Headers */ = {isa = PBXBuildFile; fileRef = 3752B1C31A83709B0029C91C /* BreadcrumbCore.h */; settings = {ATTRIBUTES = (Public, ); }; };
		3767EC7A1A82E25300AFD6D6 /* libcrypto.a in Frameworks */ = {isa = PBXBuildFile; fileRef = 3767EC791A82E25300AFD6D6 /* libcrypto.a */; };
		3767F1421A830C9300AFD6D6 /* NSData+Bitcoin.h in Headers */ = {isa = PBXBuildFile; fileRef = 3767F1381A830C9300AFD6D6 /* NSData+Bitcoin.h */; settings = {ATTRIBUTES = (Public, ); }; };
		3767F1431A830C9300AFD6D6 /* NSData+Bitcoin.m in Sources */ = {isa = PBXBuildFile; fileRef = 3767F1391A830C9300AFD6D6 /* NSData+Bitcoin.m */; };
		3767F1441A830C9300AFD6D6 /* NSData+Hash.h in Headers */ = {isa = PBXBuildFile; fileRef = 3767F13A1A830C9300AFD6D6 /* NSData+Hash.h */; };
		3767F1451A830C9300AFD6D6 /* NSData+Hash.m in Sources */ = {isa = PBXBuildFile; fileRef = 3767F13B1A830C9300AFD6D6 /* NSData+Hash.m */; };
		3767F1461A830C9300AFD6D6 /* NSManagedObject+Sugar.h in Headers */ = {isa = PBXBuildFile; fileRef = 3767F13C1A830C9300AFD6D6 /* NSManagedObject+Sugar.h */; };
		3767F1471A830C9300AFD6D6 /* NSManagedObject+Sugar.m in Sources */ = {isa = PBXBuildFile; fileRef = 3767F13D1A830C9300AFD6D6 /* NSManagedObject+Sugar.m */; };
		3767F1481A830C9300AFD6D6 /* NSMutableData+Bitcoin.h in Headers */ = {isa = PBXBuildFile; fileRef = 3767F13E1A830C9300AFD6D6 /* NSMutableData+Bitcoin.h */; settings = {ATTRIBUTES = (Public, ); }; };
		3767F1491A830C9300AFD6D6 /* NSMutableData+Bitcoin.m in Sources */ = {isa = PBXBuildFile; fileRef = 3767F13F1A830C9300AFD6D6 /* NSMutableData+Bitcoin.m */; };
		3767F14A1A830C9300AFD6D6 /* NSString+Base58.h in Headers */ = {isa = PBXBuildFile; fileRef = 3767F1401A830C9300AFD6D6 /* NSString+Base58.h */; settings = {ATTRIBUTES = (Public, ); }; };
		3767F14B1A830C9300AFD6D6 /* NSString+Base58.m in Sources */ = {isa = PBXBuildFile; fileRef = 3767F1411A830C9300AFD6D6 /* NSString+Base58.m */; };
		3767F1531A830DC600AFD6D6 /* CoreData.framework in Frameworks */ = {isa = PBXBuildFile; fileRef = 3767F1511A830D4700AFD6D6 /* CoreData.framework */; };
		3767F1561A830E1100AFD6D6 /* BIP39EnglishWords.plist in Resources */ = {isa = PBXBuildFile; fileRef = 3767F1541A830E1100AFD6D6 /* BIP39EnglishWords.plist */; };
		3767F1591A830F5200AFD6D6 /* Breadcrumb-Prefix.pch in Headers */ = {isa = PBXBuildFile; fileRef = 3767F1581A830F5200AFD6D6 /* Breadcrumb-Prefix.pch */; };
		377A18F01A8424A8007AA1CD /* BCMnemonic.h in Headers */ = {isa = PBXBuildFile; fileRef = 377A18EE1A8424A8007AA1CD /* BCMnemonic.h */; settings = {ATTRIBUTES = (Public, ); }; };
		377A18F11A8424A8007AA1CD /* BCMnemonic.m in Sources */ = {isa = PBXBuildFile; fileRef = 377A18EF1A8424A8007AA1CD /* BCMnemonic.m */; };
		37BFECBF1A82D1460081BE4B /* Breadcrumb.h in Headers */ = {isa = PBXBuildFile; fileRef = 37BFECBE1A82D1460081BE4B /* Breadcrumb.h */; settings = {ATTRIBUTES = (Public, ); }; };
		37BFECC51A82D1460081BE4B /* Breadcrumb.framework in Frameworks */ = {isa = PBXBuildFile; fileRef = 37BFECB91A82D1460081BE4B /* Breadcrumb.framework */; };
		37BFECCC1A82D1460081BE4B /* BreadcrumbTests.m in Sources */ = {isa = PBXBuildFile; fileRef = 37BFECCB1A82D1460081BE4B /* BreadcrumbTests.m */; };
		37BFECE91A82D29C0081BE4B /* ccMemory.h in Headers */ = {isa = PBXBuildFile; fileRef = 37BFECE41A82D29C0081BE4B /* ccMemory.h */; };
		37BFECEB1A82D29C0081BE4B /* Reachability.h in Headers */ = {isa = PBXBuildFile; fileRef = 37BFECE71A82D29C0081BE4B /* Reachability.h */; };
		37BFECEC1A82D29C0081BE4B /* Reachability.m in Sources */ = {isa = PBXBuildFile; fileRef = 37BFECE81A82D29C0081BE4B /* Reachability.m */; };
		37BFED051A82D35B0081BE4B /* BRKey.h in Headers */ = {isa = PBXBuildFile; fileRef = 37BFECEF1A82D35B0081BE4B /* BRKey.h */; settings = {ATTRIBUTES = (Public, ); }; };
		37BFED061A82D35B0081BE4B /* BRKey.m in Sources */ = {isa = PBXBuildFile; fileRef = 37BFECF01A82D35B0081BE4B /* BRKey.m */; };
		37BFED071A82D35B0081BE4B /* BRKey+BIP38.h in Headers */ = {isa = PBXBuildFile; fileRef = 37BFECF11A82D35B0081BE4B /* BRKey+BIP38.h */; settings = {ATTRIBUTES = (Public, ); }; };
		37BFED081A82D35B0081BE4B /* BRKey+BIP38.m in Sources */ = {isa = PBXBuildFile; fileRef = 37BFECF21A82D35B0081BE4B /* BRKey+BIP38.m */; };
		37BFED091A82D35B0081BE4B /* BRKeySequence.h in Headers */ = {isa = PBXBuildFile; fileRef = 37BFECF31A82D35B0081BE4B /* BRKeySequence.h */; settings = {ATTRIBUTES = (Public, ); }; };
		37BFED0A1A82D35B0081BE4B /* BRMerkleBlock.h in Headers */ = {isa = PBXBuildFile; fileRef = 37BFECF41A82D35B0081BE4B /* BRMerkleBlock.h */; settings = {ATTRIBUTES = (Public, ); }; };
		37BFED0B1A82D35B0081BE4B /* BRMerkleBlock.m in Sources */ = {isa = PBXBuildFile; fileRef = 37BFECF51A82D35B0081BE4B /* BRMerkleBlock.m */; };
		37BFED0C1A82D35B0081BE4B /* BRMnemonic.h in Headers */ = {isa = PBXBuildFile; fileRef = 37BFECF61A82D35B0081BE4B /* BRMnemonic.h */; settings = {ATTRIBUTES = (Public, ); }; };
		37BFED0D1A82D35B0081BE4B /* BRPaymentProtocol.h in Headers */ = {isa = PBXBuildFile; fileRef = 37BFECF71A82D35B0081BE4B /* BRPaymentProtocol.h */; settings = {ATTRIBUTES = (Public, ); }; };
		37BFED0E1A82D35B0081BE4B /* BRPaymentProtocol.m in Sources */ = {isa = PBXBuildFile; fileRef = 37BFECF81A82D35B0081BE4B /* BRPaymentProtocol.m */; };
		37BFED0F1A82D35B0081BE4B /* BRPaymentRequest.h in Headers */ = {isa = PBXBuildFile; fileRef = 37BFECF91A82D35B0081BE4B /* BRPaymentRequest.h */; settings = {ATTRIBUTES = (Public, ); }; };
		37BFED101A82D35B0081BE4B /* BRPaymentRequest.m in Sources */ = {isa = PBXBuildFile; fileRef = 37BFECFA1A82D35B0081BE4B /* BRPaymentRequest.m */; };
		37BFED111A82D35B0081BE4B /* BRPeer.h in Headers */ = {isa = PBXBuildFile; fileRef = 37BFECFB1A82D35B0081BE4B /* BRPeer.h */; settings = {ATTRIBUTES = (Public, ); }; };
		37BFED121A82D35B0081BE4B /* BRPeer.m in Sources */ = {isa = PBXBuildFile; fileRef = 37BFECFC1A82D35B0081BE4B /* BRPeer.m */; };
		37BFED131A82D35B0081BE4B /* BRPeerManager.h in Headers */ = {isa = PBXBuildFile; fileRef = 37BFECFD1A82D35B0081BE4B /* BRPeerManager.h */; settings = {ATTRIBUTES = (Public, ); }; };
		37BFED141A82D35B0081BE4B /* BRPeerManager.m in Sources */ = {isa = PBXBuildFile; fileRef = 37BFECFE1A82D35B0081BE4B /* BRPeerManager.m */; };
		37BFED151A82D35B0081BE4B /* BRTransaction.h in Headers */ = {isa = PBXBuildFile; fileRef = 37BFECFF1A82D35B0081BE4B /* BRTransaction.h */; settings = {ATTRIBUTES = (Public, ); }; };
		37BFED161A82D35B0081BE4B /* BRTransaction.m in Sources */ = {isa = PBXBuildFile; fileRef = 37BFED001A82D35B0081BE4B /* BRTransaction.m */; };
		37BFED171A82D35B0081BE4B /* BRWallet.h in Headers */ = {isa = PBXBuildFile; fileRef = 37BFED011A82D35B0081BE4B /* BRWallet.h */; settings = {ATTRIBUTES = (Public, ); }; };
		37BFED181A82D35B0081BE4B /* BRWallet.m in Sources */ = {isa = PBXBuildFile; fileRef = 37BFED021A82D35B0081BE4B /* BRWallet.m */; };
		37BFED191A82D35B0081BE4B /* BRWalletManager.h in Headers */ = {isa = PBXBuildFile; fileRef = 37BFED031A82D35B0081BE4B /* BRWalletManager.h */; settings = {ATTRIBUTES = (Public, ); }; };
		37BFED1A1A82D35B0081BE4B /* BRWalletManager.m in Sources */ = {isa = PBXBuildFile; fileRef = 37BFED041A82D35B0081BE4B /* BRWalletManager.m */; };
		37BFED1D1A82D3DC0081BE4B /* BRBIP32Sequence.h in Headers */ = {isa = PBXBuildFile; fileRef = 37BFED1B1A82D3DC0081BE4B /* BRBIP32Sequence.h */; settings = {ATTRIBUTES = (Public, ); }; };
		37BFED1E1A82D3DC0081BE4B /* BRBIP32Sequence.m in Sources */ = {isa = PBXBuildFile; fileRef = 37BFED1C1A82D3DC0081BE4B /* BRBIP32Sequence.m */; };
		37BFED231A82D4070081BE4B /* BRBIP39Mnemonic.h in Headers */ = {isa = PBXBuildFile; fileRef = 37BFED1F1A82D4070081BE4B /* BRBIP39Mnemonic.h */; settings = {ATTRIBUTES = (Public, ); }; };
		37BFED241A82D4070081BE4B /* BRBIP39Mnemonic.m in Sources */ = {isa = PBXBuildFile; fileRef = 37BFED201A82D4070081BE4B /* BRBIP39Mnemonic.m */; };
		37BFED251A82D4070081BE4B /* BRBloomFilter.h in Headers */ = {isa = PBXBuildFile; fileRef = 37BFED211A82D4070081BE4B /* BRBloomFilter.h */; settings = {ATTRIBUTES = (Public, ); }; };
		37BFED261A82D4070081BE4B /* BRBloomFilter.m in Sources */ = {isa = PBXBuildFile; fileRef = 37BFED221A82D4070081BE4B /* BRBloomFilter.m */; };
		37BFED341A82D49A0081BE4B /* BRAddressEntity.h in Headers */ = {isa = PBXBuildFile; fileRef = 37BFED281A82D49A0081BE4B /* BRAddressEntity.h */; };
		37BFED351A82D49A0081BE4B /* BRAddressEntity.m in Sources */ = {isa = PBXBuildFile; fileRef = 37BFED291A82D49A0081BE4B /* BRAddressEntity.m */; };
		37BFED361A82D49A0081BE4B /* BRMerkleBlockEntity.h in Headers */ = {isa = PBXBuildFile; fileRef = 37BFED2A1A82D49A0081BE4B /* BRMerkleBlockEntity.h */; };
		37BFED371A82D49A0081BE4B /* BRMerkleBlockEntity.m in Sources */ = {isa = PBXBuildFile; fileRef = 37BFED2B1A82D49A0081BE4B /* BRMerkleBlockEntity.m */; };
		37BFED381A82D49A0081BE4B /* BRPeerEntity.h in Headers */ = {isa = PBXBuildFile; fileRef = 37BFED2C1A82D49A0081BE4B /* BRPeerEntity.h */; };
		37BFED391A82D49A0081BE4B /* BRPeerEntity.m in Sources */ = {isa = PBXBuildFile; fileRef = 37BFED2D1A82D49A0081BE4B /* BRPeerEntity.m */; };
		37BFED3A1A82D49A0081BE4B /* BRTransactionEntity.h in Headers */ = {isa = PBXBuildFile; fileRef = 37BFED2E1A82D49A0081BE4B /* BRTransactionEntity.h */; };
		37BFED3B1A82D49A0081BE4B /* BRTransactionEntity.m in Sources */ = {isa = PBXBuildFile; fileRef = 37BFED2F1A82D49A0081BE4B /* BRTransactionEntity.m */; };
		37BFED3C1A82D49A0081BE4B /* BRTxInputEntity.h in Headers */ = {isa = PBXBuildFile; fileRef = 37BFED301A82D49A0081BE4B /* BRTxInputEntity.h */; };
		37BFED3D1A82D49A0081BE4B /* BRTxInputEntity.m in Sources */ = {isa = PBXBuildFile; fileRef = 37BFED311A82D49A0081BE4B /* BRTxInputEntity.m */; };
		37BFED3E1A82D49A0081BE4B /* BRTxOutputEntity.h in Headers */ = {isa = PBXBuildFile; fileRef = 37BFED321A82D49A0081BE4B /* BRTxOutputEntity.h */; };
		37BFED3F1A82D49A0081BE4B /* BRTxOutputEntity.m in Sources */ = {isa = PBXBuildFile; fileRef = 37BFED331A82D49A0081BE4B /* BRTxOutputEntity.m */; };
/* End PBXBuildFile section */

/* Begin PBXContainerItemProxy section */
		37BFECC61A82D1460081BE4B /* PBXContainerItemProxy */ = {
			isa = PBXContainerItemProxy;
			containerPortal = 37BFECB01A82D1460081BE4B /* Project object */;
			proxyType = 1;
			remoteGlobalIDString = 37BFECB81A82D1460081BE4B;
			remoteInfo = Breadcrumb;
		};
/* End PBXContainerItemProxy section */

/* Begin PBXFileReference section */
		3711194F1A832130002D7E6B /* FixedPeers.plist */ = {isa = PBXFileReference; fileEncoding = 4; lastKnownFileType = text.plist.xml; name = FixedPeers.plist; path = ../../breadwallet/BreadWallet/FixedPeers.plist; sourceTree = "<group>"; };
		371119511A832193002D7E6B /* BreadWalletTests.h */ = {isa = PBXFileReference; fileEncoding = 4; lastKnownFileType = sourcecode.c.h; name = BreadWalletTests.h; path = ../../breadwallet/BreadWalletTests/BreadWalletTests.h; sourceTree = "<group>"; };
		371119521A832193002D7E6B /* BreadWalletTests.m */ = {isa = PBXFileReference; fileEncoding = 4; lastKnownFileType = sourcecode.c.objc; name = BreadWalletTests.m; path = ../../breadwallet/BreadWalletTests/BreadWalletTests.m; sourceTree = "<group>"; };
		3752B1C31A83709B0029C91C /* BreadcrumbCore.h */ = {isa = PBXFileReference; fileEncoding = 4; lastKnownFileType = sourcecode.c.h; path = BreadcrumbCore.h; sourceTree = "<group>"; };
		3767EC791A82E25300AFD6D6 /* libcrypto.a */ = {isa = PBXFileReference; lastKnownFileType = archive.ar; path = libcrypto.a; sourceTree = BUILT_PRODUCTS_DIR; };
		3767F1381A830C9300AFD6D6 /* NSData+Bitcoin.h */ = {isa = PBXFileReference; fileEncoding = 4; lastKnownFileType = sourcecode.c.h; name = "NSData+Bitcoin.h"; path = "../../breadwallet/BreadWallet/NSData+Bitcoin.h"; sourceTree = "<group>"; };
		3767F1391A830C9300AFD6D6 /* NSData+Bitcoin.m */ = {isa = PBXFileReference; fileEncoding = 4; lastKnownFileType = sourcecode.c.objc; name = "NSData+Bitcoin.m"; path = "../../breadwallet/BreadWallet/NSData+Bitcoin.m"; sourceTree = "<group>"; };
		3767F13A1A830C9300AFD6D6 /* NSData+Hash.h */ = {isa = PBXFileReference; fileEncoding = 4; lastKnownFileType = sourcecode.c.h; name = "NSData+Hash.h"; path = "../../breadwallet/BreadWallet/NSData+Hash.h"; sourceTree = "<group>"; };
		3767F13B1A830C9300AFD6D6 /* NSData+Hash.m */ = {isa = PBXFileReference; fileEncoding = 4; lastKnownFileType = sourcecode.c.objc; name = "NSData+Hash.m"; path = "../../breadwallet/BreadWallet/NSData+Hash.m"; sourceTree = "<group>"; };
		3767F13C1A830C9300AFD6D6 /* NSManagedObject+Sugar.h */ = {isa = PBXFileReference; fileEncoding = 4; lastKnownFileType = sourcecode.c.h; name = "NSManagedObject+Sugar.h"; path = "../../breadwallet/BreadWallet/NSManagedObject+Sugar.h"; sourceTree = "<group>"; };
		3767F13D1A830C9300AFD6D6 /* NSManagedObject+Sugar.m */ = {isa = PBXFileReference; fileEncoding = 4; lastKnownFileType = sourcecode.c.objc; name = "NSManagedObject+Sugar.m"; path = "../../breadwallet/BreadWallet/NSManagedObject+Sugar.m"; sourceTree = "<group>"; };
		3767F13E1A830C9300AFD6D6 /* NSMutableData+Bitcoin.h */ = {isa = PBXFileReference; fileEncoding = 4; lastKnownFileType = sourcecode.c.h; name = "NSMutableData+Bitcoin.h"; path = "../../breadwallet/BreadWallet/NSMutableData+Bitcoin.h"; sourceTree = "<group>"; };
		3767F13F1A830C9300AFD6D6 /* NSMutableData+Bitcoin.m */ = {isa = PBXFileReference; fileEncoding = 4; lastKnownFileType = sourcecode.c.objc; name = "NSMutableData+Bitcoin.m"; path = "../../breadwallet/BreadWallet/NSMutableData+Bitcoin.m"; sourceTree = "<group>"; };
		3767F1401A830C9300AFD6D6 /* NSString+Base58.h */ = {isa = PBXFileReference; fileEncoding = 4; lastKnownFileType = sourcecode.c.h; name = "NSString+Base58.h"; path = "../../breadwallet/BreadWallet/NSString+Base58.h"; sourceTree = "<group>"; };
		3767F1411A830C9300AFD6D6 /* NSString+Base58.m */ = {isa = PBXFileReference; fileEncoding = 4; lastKnownFileType = sourcecode.c.objc; name = "NSString+Base58.m"; path = "../../breadwallet/BreadWallet/NSString+Base58.m"; sourceTree = "<group>"; };
		3767F14F1A830D4100AFD6D6 /* UIKit.framework */ = {isa = PBXFileReference; lastKnownFileType = wrapper.framework; name = UIKit.framework; path = System/Library/Frameworks/UIKit.framework; sourceTree = SDKROOT; };
		3767F1511A830D4700AFD6D6 /* CoreData.framework */ = {isa = PBXFileReference; lastKnownFileType = wrapper.framework; name = CoreData.framework; path = System/Library/Frameworks/CoreData.framework; sourceTree = SDKROOT; };
		3767F1541A830E1100AFD6D6 /* BIP39EnglishWords.plist */ = {isa = PBXFileReference; fileEncoding = 4; lastKnownFileType = text.plist.xml; name = BIP39EnglishWords.plist; path = ../../breadwallet/BreadWallet/BIP39EnglishWords.plist; sourceTree = "<group>"; };
		3767F1581A830F5200AFD6D6 /* Breadcrumb-Prefix.pch */ = {isa = PBXFileReference; fileEncoding = 4; lastKnownFileType = sourcecode.c.h; path = "Breadcrumb-Prefix.pch"; sourceTree = "<group>"; };
		377A18EE1A8424A8007AA1CD /* BCMnemonic.h */ = {isa = PBXFileReference; fileEncoding = 4; lastKnownFileType = sourcecode.c.h; name = BCMnemonic.h; path = Mnemonic/BCMnemonic.h; sourceTree = "<group>"; };
		377A18EF1A8424A8007AA1CD /* BCMnemonic.m */ = {isa = PBXFileReference; fileEncoding = 4; lastKnownFileType = sourcecode.c.objc; name = BCMnemonic.m; path = Mnemonic/BCMnemonic.m; sourceTree = "<group>"; };
		37BFECB91A82D1460081BE4B /* Breadcrumb.framework */ = {isa = PBXFileReference; explicitFileType = wrapper.framework; includeInIndex = 0; path = Breadcrumb.framework; sourceTree = BUILT_PRODUCTS_DIR; };
		37BFECBD1A82D1460081BE4B /* Info.plist */ = {isa = PBXFileReference; lastKnownFileType = text.plist.xml; path = Info.plist; sourceTree = "<group>"; };
		37BFECBE1A82D1460081BE4B /* Breadcrumb.h */ = {isa = PBXFileReference; lastKnownFileType = sourcecode.c.h; path = Breadcrumb.h; sourceTree = "<group>"; };
		37BFECC41A82D1460081BE4B /* BreadcrumbTests.xctest */ = {isa = PBXFileReference; explicitFileType = wrapper.cfbundle; includeInIndex = 0; path = BreadcrumbTests.xctest; sourceTree = BUILT_PRODUCTS_DIR; };
		37BFECCA1A82D1460081BE4B /* Info.plist */ = {isa = PBXFileReference; lastKnownFileType = text.plist.xml; path = Info.plist; sourceTree = "<group>"; };
		37BFECCB1A82D1460081BE4B /* BreadcrumbTests.m */ = {isa = PBXFileReference; lastKnownFileType = sourcecode.c.objc; path = BreadcrumbTests.m; sourceTree = "<group>"; };
		37BFECE41A82D29C0081BE4B /* ccMemory.h */ = {isa = PBXFileReference; fileEncoding = 4; lastKnownFileType = sourcecode.c.h; name = ccMemory.h; path = ../../breadwallet/ccMemory.h; sourceTree = "<group>"; };
		37BFECE71A82D29C0081BE4B /* Reachability.h */ = {isa = PBXFileReference; fileEncoding = 4; lastKnownFileType = sourcecode.c.h; name = Reachability.h; path = ../../breadwallet/Reachability.h; sourceTree = "<group>"; };
		37BFECE81A82D29C0081BE4B /* Reachability.m */ = {isa = PBXFileReference; fileEncoding = 4; lastKnownFileType = sourcecode.c.objc; name = Reachability.m; path = ../../breadwallet/Reachability.m; sourceTree = "<group>"; };
		37BFECEF1A82D35B0081BE4B /* BRKey.h */ = {isa = PBXFileReference; fileEncoding = 4; lastKnownFileType = sourcecode.c.h; name = BRKey.h; path = ../../breadwallet/BreadWallet/BRKey.h; sourceTree = "<group>"; };
		37BFECF01A82D35B0081BE4B /* BRKey.m */ = {isa = PBXFileReference; fileEncoding = 4; lastKnownFileType = sourcecode.c.objc; name = BRKey.m; path = ../../breadwallet/BreadWallet/BRKey.m; sourceTree = "<group>"; };
		37BFECF11A82D35B0081BE4B /* BRKey+BIP38.h */ = {isa = PBXFileReference; fileEncoding = 4; lastKnownFileType = sourcecode.c.h; name = "BRKey+BIP38.h"; path = "../../breadwallet/BreadWallet/BRKey+BIP38.h"; sourceTree = "<group>"; };
		37BFECF21A82D35B0081BE4B /* BRKey+BIP38.m */ = {isa = PBXFileReference; fileEncoding = 4; lastKnownFileType = sourcecode.c.objc; name = "BRKey+BIP38.m"; path = "../../breadwallet/BreadWallet/BRKey+BIP38.m"; sourceTree = "<group>"; };
		37BFECF31A82D35B0081BE4B /* BRKeySequence.h */ = {isa = PBXFileReference; fileEncoding = 4; lastKnownFileType = sourcecode.c.h; name = BRKeySequence.h; path = ../../breadwallet/BreadWallet/BRKeySequence.h; sourceTree = "<group>"; };
		37BFECF41A82D35B0081BE4B /* BRMerkleBlock.h */ = {isa = PBXFileReference; fileEncoding = 4; lastKnownFileType = sourcecode.c.h; name = BRMerkleBlock.h; path = ../../breadwallet/BreadWallet/BRMerkleBlock.h; sourceTree = "<group>"; };
		37BFECF51A82D35B0081BE4B /* BRMerkleBlock.m */ = {isa = PBXFileReference; fileEncoding = 4; lastKnownFileType = sourcecode.c.objc; name = BRMerkleBlock.m; path = ../../breadwallet/BreadWallet/BRMerkleBlock.m; sourceTree = "<group>"; };
		37BFECF61A82D35B0081BE4B /* BRMnemonic.h */ = {isa = PBXFileReference; fileEncoding = 4; lastKnownFileType = sourcecode.c.h; name = BRMnemonic.h; path = ../../breadwallet/BreadWallet/BRMnemonic.h; sourceTree = "<group>"; };
		37BFECF71A82D35B0081BE4B /* BRPaymentProtocol.h */ = {isa = PBXFileReference; fileEncoding = 4; lastKnownFileType = sourcecode.c.h; name = BRPaymentProtocol.h; path = ../../breadwallet/BreadWallet/BRPaymentProtocol.h; sourceTree = "<group>"; };
		37BFECF81A82D35B0081BE4B /* BRPaymentProtocol.m */ = {isa = PBXFileReference; fileEncoding = 4; lastKnownFileType = sourcecode.c.objc; name = BRPaymentProtocol.m; path = ../../breadwallet/BreadWallet/BRPaymentProtocol.m; sourceTree = "<group>"; };
		37BFECF91A82D35B0081BE4B /* BRPaymentRequest.h */ = {isa = PBXFileReference; fileEncoding = 4; lastKnownFileType = sourcecode.c.h; name = BRPaymentRequest.h; path = ../../breadwallet/BreadWallet/BRPaymentRequest.h; sourceTree = "<group>"; };
		37BFECFA1A82D35B0081BE4B /* BRPaymentRequest.m */ = {isa = PBXFileReference; fileEncoding = 4; lastKnownFileType = sourcecode.c.objc; name = BRPaymentRequest.m; path = ../../breadwallet/BreadWallet/BRPaymentRequest.m; sourceTree = "<group>"; xcLanguageSpecificationIdentifier = xcode.lang.objc; };
		37BFECFB1A82D35B0081BE4B /* BRPeer.h */ = {isa = PBXFileReference; fileEncoding = 4; lastKnownFileType = sourcecode.c.h; name = BRPeer.h; path = ../../breadwallet/BreadWallet/BRPeer.h; sourceTree = "<group>"; };
		37BFECFC1A82D35B0081BE4B /* BRPeer.m */ = {isa = PBXFileReference; fileEncoding = 4; lastKnownFileType = sourcecode.c.objc; name = BRPeer.m; path = ../../breadwallet/BreadWallet/BRPeer.m; sourceTree = "<group>"; xcLanguageSpecificationIdentifier = xcode.lang.objc; };
		37BFECFD1A82D35B0081BE4B /* BRPeerManager.h */ = {isa = PBXFileReference; fileEncoding = 4; lastKnownFileType = sourcecode.c.h; name = BRPeerManager.h; path = ../../breadwallet/BreadWallet/BRPeerManager.h; sourceTree = "<group>"; };
		37BFECFE1A82D35B0081BE4B /* BRPeerManager.m */ = {isa = PBXFileReference; fileEncoding = 4; lastKnownFileType = sourcecode.c.objc; name = BRPeerManager.m; path = ../../breadwallet/BreadWallet/BRPeerManager.m; sourceTree = "<group>"; xcLanguageSpecificationIdentifier = xcode.lang.objc; };
		37BFECFF1A82D35B0081BE4B /* BRTransaction.h */ = {isa = PBXFileReference; fileEncoding = 4; lastKnownFileType = sourcecode.c.h; name = BRTransaction.h; path = ../../breadwallet/BreadWallet/BRTransaction.h; sourceTree = "<group>"; };
		37BFED001A82D35B0081BE4B /* BRTransaction.m */ = {isa = PBXFileReference; fileEncoding = 4; lastKnownFileType = sourcecode.c.objc; name = BRTransaction.m; path = ../../breadwallet/BreadWallet/BRTransaction.m; sourceTree = "<group>"; };
		37BFED011A82D35B0081BE4B /* BRWallet.h */ = {isa = PBXFileReference; fileEncoding = 4; lastKnownFileType = sourcecode.c.h; name = BRWallet.h; path = ../../breadwallet/BreadWallet/BRWallet.h; sourceTree = "<group>"; };
		37BFED021A82D35B0081BE4B /* BRWallet.m */ = {isa = PBXFileReference; fileEncoding = 4; lastKnownFileType = sourcecode.c.objc; name = BRWallet.m; path = ../../breadwallet/BreadWallet/BRWallet.m; sourceTree = "<group>"; };
		37BFED031A82D35B0081BE4B /* BRWalletManager.h */ = {isa = PBXFileReference; fileEncoding = 4; lastKnownFileType = sourcecode.c.h; name = BRWalletManager.h; path = ../../breadwallet/BreadWallet/BRWalletManager.h; sourceTree = "<group>"; };
		37BFED041A82D35B0081BE4B /* BRWalletManager.m */ = {isa = PBXFileReference; fileEncoding = 4; lastKnownFileType = sourcecode.c.objc; name = BRWalletManager.m; path = ../../breadwallet/BreadWallet/BRWalletManager.m; sourceTree = "<group>"; };
		37BFED1B1A82D3DC0081BE4B /* BRBIP32Sequence.h */ = {isa = PBXFileReference; fileEncoding = 4; lastKnownFileType = sourcecode.c.h; name = BRBIP32Sequence.h; path = ../../breadwallet/BreadWallet/BRBIP32Sequence.h; sourceTree = "<group>"; };
		37BFED1C1A82D3DC0081BE4B /* BRBIP32Sequence.m */ = {isa = PBXFileReference; fileEncoding = 4; lastKnownFileType = sourcecode.c.objc; name = BRBIP32Sequence.m; path = ../../breadwallet/BreadWallet/BRBIP32Sequence.m; sourceTree = "<group>"; };
		37BFED1F1A82D4070081BE4B /* BRBIP39Mnemonic.h */ = {isa = PBXFileReference; fileEncoding = 4; lastKnownFileType = sourcecode.c.h; name = BRBIP39Mnemonic.h; path = ../../breadwallet/BreadWallet/BRBIP39Mnemonic.h; sourceTree = "<group>"; };
		37BFED201A82D4070081BE4B /* BRBIP39Mnemonic.m */ = {isa = PBXFileReference; fileEncoding = 4; lastKnownFileType = sourcecode.c.objc; name = BRBIP39Mnemonic.m; path = ../../breadwallet/BreadWallet/BRBIP39Mnemonic.m; sourceTree = "<group>"; };
		37BFED211A82D4070081BE4B /* BRBloomFilter.h */ = {isa = PBXFileReference; fileEncoding = 4; lastKnownFileType = sourcecode.c.h; name = BRBloomFilter.h; path = ../../breadwallet/BreadWallet/BRBloomFilter.h; sourceTree = "<group>"; };
		37BFED221A82D4070081BE4B /* BRBloomFilter.m */ = {isa = PBXFileReference; fileEncoding = 4; lastKnownFileType = sourcecode.c.objc; name = BRBloomFilter.m; path = ../../breadwallet/BreadWallet/BRBloomFilter.m; sourceTree = "<group>"; };
		37BFED281A82D49A0081BE4B /* BRAddressEntity.h */ = {isa = PBXFileReference; fileEncoding = 4; lastKnownFileType = sourcecode.c.h; name = BRAddressEntity.h; path = ../../breadwallet/BreadWallet/BRAddressEntity.h; sourceTree = "<group>"; };
		37BFED291A82D49A0081BE4B /* BRAddressEntity.m */ = {isa = PBXFileReference; fileEncoding = 4; lastKnownFileType = sourcecode.c.objc; name = BRAddressEntity.m; path = ../../breadwallet/BreadWallet/BRAddressEntity.m; sourceTree = "<group>"; };
		37BFED2A1A82D49A0081BE4B /* BRMerkleBlockEntity.h */ = {isa = PBXFileReference; fileEncoding = 4; lastKnownFileType = sourcecode.c.h; name = BRMerkleBlockEntity.h; path = ../../breadwallet/BreadWallet/BRMerkleBlockEntity.h; sourceTree = "<group>"; };
		37BFED2B1A82D49A0081BE4B /* BRMerkleBlockEntity.m */ = {isa = PBXFileReference; fileEncoding = 4; lastKnownFileType = sourcecode.c.objc; name = BRMerkleBlockEntity.m; path = ../../breadwallet/BreadWallet/BRMerkleBlockEntity.m; sourceTree = "<group>"; };
		37BFED2C1A82D49A0081BE4B /* BRPeerEntity.h */ = {isa = PBXFileReference; fileEncoding = 4; lastKnownFileType = sourcecode.c.h; name = BRPeerEntity.h; path = ../../breadwallet/BreadWallet/BRPeerEntity.h; sourceTree = "<group>"; };
		37BFED2D1A82D49A0081BE4B /* BRPeerEntity.m */ = {isa = PBXFileReference; fileEncoding = 4; lastKnownFileType = sourcecode.c.objc; name = BRPeerEntity.m; path = ../../breadwallet/BreadWallet/BRPeerEntity.m; sourceTree = "<group>"; };
		37BFED2E1A82D49A0081BE4B /* BRTransactionEntity.h */ = {isa = PBXFileReference; fileEncoding = 4; lastKnownFileType = sourcecode.c.h; name = BRTransactionEntity.h; path = ../../breadwallet/BreadWallet/BRTransactionEntity.h; sourceTree = "<group>"; };
		37BFED2F1A82D49A0081BE4B /* BRTransactionEntity.m */ = {isa = PBXFileReference; fileEncoding = 4; lastKnownFileType = sourcecode.c.objc; name = BRTransactionEntity.m; path = ../../breadwallet/BreadWallet/BRTransactionEntity.m; sourceTree = "<group>"; };
		37BFED301A82D49A0081BE4B /* BRTxInputEntity.h */ = {isa = PBXFileReference; fileEncoding = 4; lastKnownFileType = sourcecode.c.h; name = BRTxInputEntity.h; path = ../../breadwallet/BreadWallet/BRTxInputEntity.h; sourceTree = "<group>"; };
		37BFED311A82D49A0081BE4B /* BRTxInputEntity.m */ = {isa = PBXFileReference; fileEncoding = 4; lastKnownFileType = sourcecode.c.objc; name = BRTxInputEntity.m; path = ../../breadwallet/BreadWallet/BRTxInputEntity.m; sourceTree = "<group>"; };
		37BFED321A82D49A0081BE4B /* BRTxOutputEntity.h */ = {isa = PBXFileReference; fileEncoding = 4; lastKnownFileType = sourcecode.c.h; name = BRTxOutputEntity.h; path = ../../breadwallet/BreadWallet/BRTxOutputEntity.h; sourceTree = "<group>"; };
		37BFED331A82D49A0081BE4B /* BRTxOutputEntity.m */ = {isa = PBXFileReference; fileEncoding = 4; lastKnownFileType = sourcecode.c.objc; name = BRTxOutputEntity.m; path = ../../breadwallet/BreadWallet/BRTxOutputEntity.m; sourceTree = "<group>"; };
/* End PBXFileReference section */

/* Begin PBXFrameworksBuildPhase section */
		37BFECB51A82D1460081BE4B /* Frameworks */ = {
			isa = PBXFrameworksBuildPhase;
			buildActionMask = 2147483647;
			files = (
				3767EC7A1A82E25300AFD6D6 /* libcrypto.a in Frameworks */,
				3767F1531A830DC600AFD6D6 /* CoreData.framework in Frameworks */,
			);
			runOnlyForDeploymentPostprocessing = 0;
		};
		37BFECC11A82D1460081BE4B /* Frameworks */ = {
			isa = PBXFrameworksBuildPhase;
			buildActionMask = 2147483647;
			files = (
				37BFECC51A82D1460081BE4B /* Breadcrumb.framework in Frameworks */,
			);
			runOnlyForDeploymentPostprocessing = 0;
		};
/* End PBXFrameworksBuildPhase section */

/* Begin PBXGroup section */
		3711194E1A8320DF002D7E6B /* Frameworks */ = {
			isa = PBXGroup;
			children = (
				3767F1511A830D4700AFD6D6 /* CoreData.framework */,
				3767F14F1A830D4100AFD6D6 /* UIKit.framework */,
				3767EC791A82E25300AFD6D6 /* libcrypto.a */,
			);
			name = Frameworks;
			sourceTree = "<group>";
		};
		3767EC7B1A82E56C00AFD6D6 /* Interfaces */ = {
			isa = PBXGroup;
			children = (
				377A18ED1A842467007AA1CD /* Mnemonic */,
			);
			name = Interfaces;
			sourceTree = "<group>";
		};
		3767F1281A830B6E00AFD6D6 /* Key */ = {
			isa = PBXGroup;
			children = (
				37BFECEF1A82D35B0081BE4B /* BRKey.h */,
				37BFECF01A82D35B0081BE4B /* BRKey.m */,
				37BFECF11A82D35B0081BE4B /* BRKey+BIP38.h */,
				37BFECF21A82D35B0081BE4B /* BRKey+BIP38.m */,
			);
			name = Key;
			sourceTree = "<group>";
		};
		3767F1291A830B7800AFD6D6 /* Sequence */ = {
			isa = PBXGroup;
			children = (
				37BFECF31A82D35B0081BE4B /* BRKeySequence.h */,
				37BFED1B1A82D3DC0081BE4B /* BRBIP32Sequence.h */,
				37BFED1C1A82D3DC0081BE4B /* BRBIP32Sequence.m */,
			);
			name = Sequence;
			sourceTree = "<group>";
		};
		3767F12A1A830B8200AFD6D6 /* Mnemonic */ = {
			isa = PBXGroup;
			children = (
				37BFECF61A82D35B0081BE4B /* BRMnemonic.h */,
				37BFED1F1A82D4070081BE4B /* BRBIP39Mnemonic.h */,
				37BFED201A82D4070081BE4B /* BRBIP39Mnemonic.m */,
			);
			name = Mnemonic;
			sourceTree = "<group>";
		};
		3767F12B1A830B9100AFD6D6 /* Transaction */ = {
			isa = PBXGroup;
			children = (
				37BFECFF1A82D35B0081BE4B /* BRTransaction.h */,
				37BFED001A82D35B0081BE4B /* BRTransaction.m */,
			);
			name = Transaction;
			sourceTree = "<group>";
		};
		3767F12C1A830B9B00AFD6D6 /* Wallet */ = {
			isa = PBXGroup;
			children = (
				37BFED011A82D35B0081BE4B /* BRWallet.h */,
				37BFED021A82D35B0081BE4B /* BRWallet.m */,
				37BFED031A82D35B0081BE4B /* BRWalletManager.h */,
				37BFED041A82D35B0081BE4B /* BRWalletManager.m */,
			);
			name = Wallet;
			sourceTree = "<group>";
		};
		3767F12D1A830BA400AFD6D6 /* Peer */ = {
			isa = PBXGroup;
			children = (
				37BFECFB1A82D35B0081BE4B /* BRPeer.h */,
				37BFECFC1A82D35B0081BE4B /* BRPeer.m */,
				37BFECFD1A82D35B0081BE4B /* BRPeerManager.h */,
				37BFECFE1A82D35B0081BE4B /* BRPeerManager.m */,
			);
			name = Peer;
			sourceTree = "<group>";
		};
		3767F12E1A830BAE00AFD6D6 /* Bloom Filter */ = {
			isa = PBXGroup;
			children = (
				37BFED211A82D4070081BE4B /* BRBloomFilter.h */,
				37BFED221A82D4070081BE4B /* BRBloomFilter.m */,
			);
			name = "Bloom Filter";
			sourceTree = "<group>";
		};
		3767F12F1A830BC000AFD6D6 /* Payments */ = {
			isa = PBXGroup;
			children = (
				37BFECF71A82D35B0081BE4B /* BRPaymentProtocol.h */,
				37BFECF81A82D35B0081BE4B /* BRPaymentProtocol.m */,
				37BFECF91A82D35B0081BE4B /* BRPaymentRequest.h */,
				37BFECFA1A82D35B0081BE4B /* BRPaymentRequest.m */,
			);
			name = Payments;
			sourceTree = "<group>";
		};
		3767F1301A830BCE00AFD6D6 /* Merkle */ = {
			isa = PBXGroup;
			children = (
				37BFECF41A82D35B0081BE4B /* BRMerkleBlock.h */,
				37BFECF51A82D35B0081BE4B /* BRMerkleBlock.m */,
			);
			name = Merkle;
			sourceTree = "<group>";
		};
		3767F1311A830BE800AFD6D6 /* Address */ = {
			isa = PBXGroup;
			children = (
				37BFED281A82D49A0081BE4B /* BRAddressEntity.h */,
				37BFED291A82D49A0081BE4B /* BRAddressEntity.m */,
			);
			name = Address;
			sourceTree = "<group>";
		};
		3767F1321A830BF200AFD6D6 /* Merkle */ = {
			isa = PBXGroup;
			children = (
				37BFED2A1A82D49A0081BE4B /* BRMerkleBlockEntity.h */,
				37BFED2B1A82D49A0081BE4B /* BRMerkleBlockEntity.m */,
			);
			name = Merkle;
			sourceTree = "<group>";
		};
		3767F1331A830C0000AFD6D6 /* Peer */ = {
			isa = PBXGroup;
			children = (
				37BFED2C1A82D49A0081BE4B /* BRPeerEntity.h */,
				37BFED2D1A82D49A0081BE4B /* BRPeerEntity.m */,
			);
			name = Peer;
			sourceTree = "<group>";
		};
		3767F1341A830C0800AFD6D6 /* Transaction */ = {
			isa = PBXGroup;
			children = (
				3767F1361A830C1D00AFD6D6 /* Output */,
				3767F1351A830C1100AFD6D6 /* Input */,
				37BFED2E1A82D49A0081BE4B /* BRTransactionEntity.h */,
				37BFED2F1A82D49A0081BE4B /* BRTransactionEntity.m */,
			);
			name = Transaction;
			sourceTree = "<group>";
		};
		3767F1351A830C1100AFD6D6 /* Input */ = {
			isa = PBXGroup;
			children = (
				37BFED301A82D49A0081BE4B /* BRTxInputEntity.h */,
				37BFED311A82D49A0081BE4B /* BRTxInputEntity.m */,
			);
			name = Input;
			sourceTree = "<group>";
		};
		3767F1361A830C1D00AFD6D6 /* Output */ = {
			isa = PBXGroup;
			children = (
				37BFED321A82D49A0081BE4B /* BRTxOutputEntity.h */,
				37BFED331A82D49A0081BE4B /* BRTxOutputEntity.m */,
			);
			name = Output;
			sourceTree = "<group>";
		};
		3767F1371A830C6D00AFD6D6 /* NS Utilties */ = {
			isa = PBXGroup;
			children = (
				3767F14E1A830CAF00AFD6D6 /* String */,
				3767F14D1A830CA000AFD6D6 /* Managed Object */,
				3767F14C1A830C9800AFD6D6 /* Data */,
			);
			name = "NS Utilties";
			sourceTree = "<group>";
		};
		3767F14C1A830C9800AFD6D6 /* Data */ = {
			isa = PBXGroup;
			children = (
				3767F13E1A830C9300AFD6D6 /* NSMutableData+Bitcoin.h */,
				3767F13F1A830C9300AFD6D6 /* NSMutableData+Bitcoin.m */,
				3767F1381A830C9300AFD6D6 /* NSData+Bitcoin.h */,
				3767F1391A830C9300AFD6D6 /* NSData+Bitcoin.m */,
				3767F13A1A830C9300AFD6D6 /* NSData+Hash.h */,
				3767F13B1A830C9300AFD6D6 /* NSData+Hash.m */,
			);
			name = Data;
			sourceTree = "<group>";
		};
		3767F14D1A830CA000AFD6D6 /* Managed Object */ = {
			isa = PBXGroup;
			children = (
				3767F13C1A830C9300AFD6D6 /* NSManagedObject+Sugar.h */,
				3767F13D1A830C9300AFD6D6 /* NSManagedObject+Sugar.m */,
			);
			name = "Managed Object";
			sourceTree = "<group>";
		};
		3767F14E1A830CAF00AFD6D6 /* String */ = {
			isa = PBXGroup;
			children = (
				3767F1401A830C9300AFD6D6 /* NSString+Base58.h */,
				3767F1411A830C9300AFD6D6 /* NSString+Base58.m */,
			);
			name = String;
			sourceTree = "<group>";
		};
		377A18ED1A842467007AA1CD /* Mnemonic */ = {
			isa = PBXGroup;
			children = (
				377A18EE1A8424A8007AA1CD /* BCMnemonic.h */,
				377A18EF1A8424A8007AA1CD /* BCMnemonic.m */,
			);
			name = Mnemonic;
			sourceTree = "<group>";
		};
		37BFECAF1A82D1460081BE4B = {
			isa = PBXGroup;
			children = (
				37BFECBB1A82D1460081BE4B /* Breadcrumb */,
				37BFECC81A82D1460081BE4B /* BreadcrumbTests */,
				37BFECBA1A82D1460081BE4B /* Products */,
			);
			sourceTree = "<group>";
		};
		37BFECBA1A82D1460081BE4B /* Products */ = {
			isa = PBXGroup;
			children = (
				37BFECB91A82D1460081BE4B /* Breadcrumb.framework */,
				37BFECC41A82D1460081BE4B /* BreadcrumbTests.xctest */,
			);
			name = Products;
			sourceTree = "<group>";
		};
		37BFECBB1A82D1460081BE4B /* Breadcrumb */ = {
			isa = PBXGroup;
			children = (
				37BFECBE1A82D1460081BE4B /* Breadcrumb.h */,
				3752B1C31A83709B0029C91C /* BreadcrumbCore.h */,
				3767EC7B1A82E56C00AFD6D6 /* Interfaces */,
				37BFED271A82D42D0081BE4B /* Entities */,
				37BFECED1A82D2AA0081BE4B /* Model */,
				3767F1371A830C6D00AFD6D6 /* NS Utilties */,
				37BFECBC1A82D1460081BE4B /* Supporting Files */,
				37BFECE31A82D2650081BE4B /* ThirdParty */,
				3711194E1A8320DF002D7E6B /* Frameworks */,
			);
			path = Breadcrumb;
			sourceTree = "<group>";
		};
		37BFECBC1A82D1460081BE4B /* Supporting Files */ = {
			isa = PBXGroup;
			children = (
				3711194F1A832130002D7E6B /* FixedPeers.plist */,
				3767F1581A830F5200AFD6D6 /* Breadcrumb-Prefix.pch */,
				3767F1541A830E1100AFD6D6 /* BIP39EnglishWords.plist */,
				37BFECBD1A82D1460081BE4B /* Info.plist */,
			);
			name = "Supporting Files";
			sourceTree = "<group>";
		};
		37BFECC81A82D1460081BE4B /* BreadcrumbTests */ = {
			isa = PBXGroup;
			children = (
				371119511A832193002D7E6B /* BreadWalletTests.h */,
				371119521A832193002D7E6B /* BreadWalletTests.m */,
				37BFECCB1A82D1460081BE4B /* BreadcrumbTests.m */,
				37BFECC91A82D1460081BE4B /* Supporting Files */,
			);
			path = BreadcrumbTests;
			sourceTree = "<group>";
		};
		37BFECC91A82D1460081BE4B /* Supporting Files */ = {
			isa = PBXGroup;
			children = (
				37BFECCA1A82D1460081BE4B /* Info.plist */,
			);
			name = "Supporting Files";
			sourceTree = "<group>";
		};
		37BFECE31A82D2650081BE4B /* ThirdParty */ = {
			isa = PBXGroup;
			children = (
				37BFECE71A82D29C0081BE4B /* Reachability.h */,
				37BFECE81A82D29C0081BE4B /* Reachability.m */,
				37BFECE41A82D29C0081BE4B /* ccMemory.h */,
			);
			name = ThirdParty;
			sourceTree = "<group>";
		};
		37BFECED1A82D2AA0081BE4B /* Model */ = {
			isa = PBXGroup;
			children = (
				3767F1281A830B6E00AFD6D6 /* Key */,
				3767F12F1A830BC000AFD6D6 /* Payments */,
				3767F12E1A830BAE00AFD6D6 /* Bloom Filter */,
				3767F12D1A830BA400AFD6D6 /* Peer */,
				3767F12C1A830B9B00AFD6D6 /* Wallet */,
				3767F12B1A830B9100AFD6D6 /* Transaction */,
				3767F12A1A830B8200AFD6D6 /* Mnemonic */,
				3767F1291A830B7800AFD6D6 /* Sequence */,
				3767F1301A830BCE00AFD6D6 /* Merkle */,
			);
			name = Model;
			sourceTree = "<group>";
		};
		37BFED271A82D42D0081BE4B /* Entities */ = {
			isa = PBXGroup;
			children = (
				3767F1341A830C0800AFD6D6 /* Transaction */,
				3767F1331A830C0000AFD6D6 /* Peer */,
				3767F1321A830BF200AFD6D6 /* Merkle */,
				3767F1311A830BE800AFD6D6 /* Address */,
			);
			name = Entities;
			sourceTree = "<group>";
		};
/* End PBXGroup section */

/* Begin PBXHeadersBuildPhase section */
		37BFECB61A82D1460081BE4B /* Headers */ = {
			isa = PBXHeadersBuildPhase;
			buildActionMask = 2147483647;
			files = (
				37BFED251A82D4070081BE4B /* BRBloomFilter.h in Headers */,
				37BFED0D1A82D35B0081BE4B /* BRPaymentProtocol.h in Headers */,
				37BFED231A82D4070081BE4B /* BRBIP39Mnemonic.h in Headers */,
				3752B1C41A83709B0029C91C /* BreadcrumbCore.h in Headers */,
				37BFED1D1A82D3DC0081BE4B /* BRBIP32Sequence.h in Headers */,
				37BFECEB1A82D29C0081BE4B /* Reachability.h in Headers */,
				37BFED151A82D35B0081BE4B /* BRTransaction.h in Headers */,
				37BFED131A82D35B0081BE4B /* BRPeerManager.h in Headers */,
				37BFECBF1A82D1460081BE4B /* Breadcrumb.h in Headers */,
				3767F1421A830C9300AFD6D6 /* NSData+Bitcoin.h in Headers */,
				37BFED3E1A82D49A0081BE4B /* BRTxOutputEntity.h in Headers */,
				3767F14A1A830C9300AFD6D6 /* NSString+Base58.h in Headers */,
				37BFED361A82D49A0081BE4B /* BRMerkleBlockEntity.h in Headers */,
				37BFECE91A82D29C0081BE4B /* ccMemory.h in Headers */,
				37BFED341A82D49A0081BE4B /* BRAddressEntity.h in Headers */,
				3767F1441A830C9300AFD6D6 /* NSData+Hash.h in Headers */,
				37BFED3C1A82D49A0081BE4B /* BRTxInputEntity.h in Headers */,
				3767F1591A830F5200AFD6D6 /* Breadcrumb-Prefix.pch in Headers */,
				37BFED0A1A82D35B0081BE4B /* BRMerkleBlock.h in Headers */,
				37BFED111A82D35B0081BE4B /* BRPeer.h in Headers */,
				37BFED171A82D35B0081BE4B /* BRWallet.h in Headers */,
				37BFED0F1A82D35B0081BE4B /* BRPaymentRequest.h in Headers */,
				37BFED091A82D35B0081BE4B /* BRKeySequence.h in Headers */,
				37BFED3A1A82D49A0081BE4B /* BRTransactionEntity.h in Headers */,
				37BFED051A82D35B0081BE4B /* BRKey.h in Headers */,
				37BFED0C1A82D35B0081BE4B /* BRMnemonic.h in Headers */,
				37BFED381A82D49A0081BE4B /* BRPeerEntity.h in Headers */,
				3767F1461A830C9300AFD6D6 /* NSManagedObject+Sugar.h in Headers */,
				3767F1481A830C9300AFD6D6 /* NSMutableData+Bitcoin.h in Headers */,
				377A18F01A8424A8007AA1CD /* BCMnemonic.h in Headers */,
				37BFED071A82D35B0081BE4B /* BRKey+BIP38.h in Headers */,
				37BFED191A82D35B0081BE4B /* BRWalletManager.h in Headers */,
			);
			runOnlyForDeploymentPostprocessing = 0;
		};
/* End PBXHeadersBuildPhase section */

/* Begin PBXNativeTarget section */
		37BFECB81A82D1460081BE4B /* Breadcrumb */ = {
			isa = PBXNativeTarget;
			buildConfigurationList = 37BFECCF1A82D1460081BE4B /* Build configuration list for PBXNativeTarget "Breadcrumb" */;
			buildPhases = (
				37BFECB41A82D1460081BE4B /* Sources */,
				37BFECB51A82D1460081BE4B /* Frameworks */,
				37BFECB61A82D1460081BE4B /* Headers */,
				37BFECB71A82D1460081BE4B /* Resources */,
			);
			buildRules = (
			);
			dependencies = (
			);
			name = Breadcrumb;
			productName = Breadcrumb;
			productReference = 37BFECB91A82D1460081BE4B /* Breadcrumb.framework */;
			productType = "com.apple.product-type.framework";
		};
		37BFECC31A82D1460081BE4B /* BreadcrumbTests */ = {
			isa = PBXNativeTarget;
			buildConfigurationList = 37BFECD21A82D1460081BE4B /* Build configuration list for PBXNativeTarget "BreadcrumbTests" */;
			buildPhases = (
				37BFECC01A82D1460081BE4B /* Sources */,
				37BFECC11A82D1460081BE4B /* Frameworks */,
				37BFECC21A82D1460081BE4B /* Resources */,
			);
			buildRules = (
			);
			dependencies = (
				37BFECC71A82D1460081BE4B /* PBXTargetDependency */,
			);
			name = BreadcrumbTests;
			productName = BreadcrumbTests;
			productReference = 37BFECC41A82D1460081BE4B /* BreadcrumbTests.xctest */;
			productType = "com.apple.product-type.bundle.unit-test";
		};
/* End PBXNativeTarget section */

/* Begin PBXProject section */
		37BFECB01A82D1460081BE4B /* Project object */ = {
			isa = PBXProject;
			attributes = {
				LastUpgradeCheck = 0610;
				ORGANIZATIONNAME = Breadcrumb;
				TargetAttributes = {
					37BFECB81A82D1460081BE4B = {
						CreatedOnToolsVersion = 6.1;
					};
					37BFECC31A82D1460081BE4B = {
						CreatedOnToolsVersion = 6.1;
					};
				};
			};
			buildConfigurationList = 37BFECB31A82D1460081BE4B /* Build configuration list for PBXProject "Breadcrumb" */;
			compatibilityVersion = "Xcode 3.2";
			developmentRegion = English;
			hasScannedForEncodings = 0;
			knownRegions = (
				en,
			);
			mainGroup = 37BFECAF1A82D1460081BE4B;
			productRefGroup = 37BFECBA1A82D1460081BE4B /* Products */;
			projectDirPath = "";
			projectRoot = "";
			targets = (
				37BFECB81A82D1460081BE4B /* Breadcrumb */,
				37BFECC31A82D1460081BE4B /* BreadcrumbTests */,
			);
		};
/* End PBXProject section */

/* Begin PBXResourcesBuildPhase section */
		37BFECB71A82D1460081BE4B /* Resources */ = {
			isa = PBXResourcesBuildPhase;
			buildActionMask = 2147483647;
			files = (
				3767F1561A830E1100AFD6D6 /* BIP39EnglishWords.plist in Resources */,
				371119501A832130002D7E6B /* FixedPeers.plist in Resources */,
			);
			runOnlyForDeploymentPostprocessing = 0;
		};
		37BFECC21A82D1460081BE4B /* Resources */ = {
			isa = PBXResourcesBuildPhase;
			buildActionMask = 2147483647;
			files = (
			);
			runOnlyForDeploymentPostprocessing = 0;
		};
/* End PBXResourcesBuildPhase section */

/* Begin PBXSourcesBuildPhase section */
		37BFECB41A82D1460081BE4B /* Sources */ = {
			isa = PBXSourcesBuildPhase;
			buildActionMask = 2147483647;
			files = (
				37BFECEC1A82D29C0081BE4B /* Reachability.m in Sources */,
				37BFED0E1A82D35B0081BE4B /* BRPaymentProtocol.m in Sources */,
				377A18F11A8424A8007AA1CD /* BCMnemonic.m in Sources */,
				37BFED391A82D49A0081BE4B /* BRPeerEntity.m in Sources */,
				3767F14B1A830C9300AFD6D6 /* NSString+Base58.m in Sources */,
				37BFED3B1A82D49A0081BE4B /* BRTransactionEntity.m in Sources */,
				3767F1451A830C9300AFD6D6 /* NSData+Hash.m in Sources */,
				37BFED241A82D4070081BE4B /* BRBIP39Mnemonic.m in Sources */,
				37BFED121A82D35B0081BE4B /* BRPeer.m in Sources */,
				37BFED161A82D35B0081BE4B /* BRTransaction.m in Sources */,
				37BFED1A1A82D35B0081BE4B /* BRWalletManager.m in Sources */,
				3767F1431A830C9300AFD6D6 /* NSData+Bitcoin.m in Sources */,
				37BFED1E1A82D3DC0081BE4B /* BRBIP32Sequence.m in Sources */,
				37BFED181A82D35B0081BE4B /* BRWallet.m in Sources */,
				37BFED0B1A82D35B0081BE4B /* BRMerkleBlock.m in Sources */,
				37BFED3D1A82D49A0081BE4B /* BRTxInputEntity.m in Sources */,
				37BFED061A82D35B0081BE4B /* BRKey.m in Sources */,
				37BFED351A82D49A0081BE4B /* BRAddressEntity.m in Sources */,
				3767F1471A830C9300AFD6D6 /* NSManagedObject+Sugar.m in Sources */,
				37BFED141A82D35B0081BE4B /* BRPeerManager.m in Sources */,
				3767F1491A830C9300AFD6D6 /* NSMutableData+Bitcoin.m in Sources */,
				37BFED371A82D49A0081BE4B /* BRMerkleBlockEntity.m in Sources */,
				37BFED101A82D35B0081BE4B /* BRPaymentRequest.m in Sources */,
				37BFED081A82D35B0081BE4B /* BRKey+BIP38.m in Sources */,
				37BFED261A82D4070081BE4B /* BRBloomFilter.m in Sources */,
				37BFED3F1A82D49A0081BE4B /* BRTxOutputEntity.m in Sources */,
			);
			runOnlyForDeploymentPostprocessing = 0;
		};
		37BFECC01A82D1460081BE4B /* Sources */ = {
			isa = PBXSourcesBuildPhase;
			buildActionMask = 2147483647;
			files = (
				37BFECCC1A82D1460081BE4B /* BreadcrumbTests.m in Sources */,
				371119531A832193002D7E6B /* BreadWalletTests.m in Sources */,
			);
			runOnlyForDeploymentPostprocessing = 0;
		};
/* End PBXSourcesBuildPhase section */

/* Begin PBXTargetDependency section */
		37BFECC71A82D1460081BE4B /* PBXTargetDependency */ = {
			isa = PBXTargetDependency;
			target = 37BFECB81A82D1460081BE4B /* Breadcrumb */;
			targetProxy = 37BFECC61A82D1460081BE4B /* PBXContainerItemProxy */;
		};
/* End PBXTargetDependency section */

/* Begin XCBuildConfiguration section */
		37BFECCD1A82D1460081BE4B /* Debug */ = {
			isa = XCBuildConfiguration;
			buildSettings = {
				ALWAYS_SEARCH_USER_PATHS = NO;
				CLANG_CXX_LANGUAGE_STANDARD = "gnu++0x";
				CLANG_CXX_LIBRARY = "libc++";
				CLANG_ENABLE_MODULES = YES;
				CLANG_ENABLE_OBJC_ARC = YES;
				CLANG_WARN_BOOL_CONVERSION = YES;
				CLANG_WARN_CONSTANT_CONVERSION = YES;
				CLANG_WARN_DIRECT_OBJC_ISA_USAGE = YES_ERROR;
				CLANG_WARN_EMPTY_BODY = YES;
				CLANG_WARN_ENUM_CONVERSION = YES;
				CLANG_WARN_INT_CONVERSION = YES;
				CLANG_WARN_OBJC_ROOT_CLASS = YES_ERROR;
				CLANG_WARN_UNREACHABLE_CODE = YES;
				CLANG_WARN__DUPLICATE_METHOD_MATCH = YES;
				"CODE_SIGN_IDENTITY[sdk=iphoneos*]" = "iPhone Developer";
				COPY_PHASE_STRIP = NO;
				CURRENT_PROJECT_VERSION = 1;
				ENABLE_STRICT_OBJC_MSGSEND = YES;
				GCC_C_LANGUAGE_STANDARD = gnu99;
				GCC_DYNAMIC_NO_PIC = NO;
				GCC_OPTIMIZATION_LEVEL = 0;
				GCC_PREPROCESSOR_DEFINITIONS = (
					"DEBUG=1",
					"$(inherited)",
				);
				GCC_SYMBOLS_PRIVATE_EXTERN = NO;
				GCC_WARN_64_TO_32_BIT_CONVERSION = YES;
				GCC_WARN_ABOUT_RETURN_TYPE = YES_ERROR;
				GCC_WARN_UNDECLARED_SELECTOR = YES;
				GCC_WARN_UNINITIALIZED_AUTOS = YES_AGGRESSIVE;
				GCC_WARN_UNUSED_FUNCTION = YES;
				GCC_WARN_UNUSED_VARIABLE = YES;
				IPHONEOS_DEPLOYMENT_TARGET = 8.1;
				MTL_ENABLE_DEBUG_INFO = YES;
				ONLY_ACTIVE_ARCH = YES;
				SDKROOT = iphoneos;
				TARGETED_DEVICE_FAMILY = "1,2";
				VERSIONING_SYSTEM = "apple-generic";
				VERSION_INFO_PREFIX = "";
			};
			name = Debug;
		};
		37BFECCE1A82D1460081BE4B /* Release */ = {
			isa = XCBuildConfiguration;
			buildSettings = {
				ALWAYS_SEARCH_USER_PATHS = NO;
				CLANG_CXX_LANGUAGE_STANDARD = "gnu++0x";
				CLANG_CXX_LIBRARY = "libc++";
				CLANG_ENABLE_MODULES = YES;
				CLANG_ENABLE_OBJC_ARC = YES;
				CLANG_WARN_BOOL_CONVERSION = YES;
				CLANG_WARN_CONSTANT_CONVERSION = YES;
				CLANG_WARN_DIRECT_OBJC_ISA_USAGE = YES_ERROR;
				CLANG_WARN_EMPTY_BODY = YES;
				CLANG_WARN_ENUM_CONVERSION = YES;
				CLANG_WARN_INT_CONVERSION = YES;
				CLANG_WARN_OBJC_ROOT_CLASS = YES_ERROR;
				CLANG_WARN_UNREACHABLE_CODE = YES;
				CLANG_WARN__DUPLICATE_METHOD_MATCH = YES;
				"CODE_SIGN_IDENTITY[sdk=iphoneos*]" = "iPhone Developer";
				COPY_PHASE_STRIP = YES;
				CURRENT_PROJECT_VERSION = 1;
				ENABLE_NS_ASSERTIONS = NO;
				ENABLE_STRICT_OBJC_MSGSEND = YES;
				GCC_C_LANGUAGE_STANDARD = gnu99;
				GCC_WARN_64_TO_32_BIT_CONVERSION = YES;
				GCC_WARN_ABOUT_RETURN_TYPE = YES_ERROR;
				GCC_WARN_UNDECLARED_SELECTOR = YES;
				GCC_WARN_UNINITIALIZED_AUTOS = YES_AGGRESSIVE;
				GCC_WARN_UNUSED_FUNCTION = YES;
				GCC_WARN_UNUSED_VARIABLE = YES;
				IPHONEOS_DEPLOYMENT_TARGET = 8.1;
				MTL_ENABLE_DEBUG_INFO = NO;
				SDKROOT = iphoneos;
				TARGETED_DEVICE_FAMILY = "1,2";
				VALIDATE_PRODUCT = YES;
				VERSIONING_SYSTEM = "apple-generic";
				VERSION_INFO_PREFIX = "";
			};
			name = Release;
		};
		37BFECD01A82D1460081BE4B /* Debug */ = {
			isa = XCBuildConfiguration;
			buildSettings = {
				DEFINES_MODULE = YES;
				DYLIB_COMPATIBILITY_VERSION = 1;
				DYLIB_CURRENT_VERSION = 1;
				DYLIB_INSTALL_NAME_BASE = "@rpath";
				GCC_PRECOMPILE_PREFIX_HEADER = YES;
				GCC_PREFIX_HEADER = "Breadcrumb/Breadcrumb-Prefix.pch";
				HEADER_SEARCH_PATHS = (
					"$(inherited)",
					/Applications/Xcode.app/Contents/Developer/Toolchains/XcodeDefault.xctoolchain/usr/include,
					"\"$(SRCROOT)/../breadwallet/openssl/include\"",
				);
				INFOPLIST_FILE = Breadcrumb/Info.plist;
				INSTALL_PATH = "$(LOCAL_LIBRARY_DIR)/Frameworks";
				LD_RUNPATH_SEARCH_PATHS = "$(inherited) @executable_path/Frameworks @loader_path/Frameworks";
				LIBRARY_SEARCH_PATHS = (
					"$(inherited)",
					"${BUILD_DIR}",
					"$(SDKROOT)/usr/lib/system",
				);
				PRODUCT_NAME = "$(TARGET_NAME)";
				SKIP_INSTALL = YES;
			};
			name = Debug;
		};
		37BFECD11A82D1460081BE4B /* Release */ = {
			isa = XCBuildConfiguration;
			buildSettings = {
				DEFINES_MODULE = YES;
				DYLIB_COMPATIBILITY_VERSION = 1;
				DYLIB_CURRENT_VERSION = 1;
				DYLIB_INSTALL_NAME_BASE = "@rpath";
				GCC_PRECOMPILE_PREFIX_HEADER = YES;
				GCC_PREFIX_HEADER = "Breadcrumb/Breadcrumb-Prefix.pch";
				HEADER_SEARCH_PATHS = (
					"$(inherited)",
					/Applications/Xcode.app/Contents/Developer/Toolchains/XcodeDefault.xctoolchain/usr/include,
					"\"$(SRCROOT)/../breadwallet/openssl/include\"",
				);
				INFOPLIST_FILE = Breadcrumb/Info.plist;
				INSTALL_PATH = "$(LOCAL_LIBRARY_DIR)/Frameworks";
				LD_RUNPATH_SEARCH_PATHS = "$(inherited) @executable_path/Frameworks @loader_path/Frameworks";
				LIBRARY_SEARCH_PATHS = (
					"$(inherited)",
					"${BUILD_DIR}",
					"$(SDKROOT)/usr/lib/system",
				);
				PRODUCT_NAME = "$(TARGET_NAME)";
				SKIP_INSTALL = YES;
			};
			name = Release;
		};
		37BFECD31A82D1460081BE4B /* Debug */ = {
			isa = XCBuildConfiguration;
			buildSettings = {
				FRAMEWORK_SEARCH_PATHS = (
					"$(SDKROOT)/Developer/Library/Frameworks",
					"$(inherited)",
				);
				GCC_PRECOMPILE_PREFIX_HEADER = YES;
				GCC_PREFIX_HEADER = "Breadcrumb/Breadcrumb-Prefix.pch";
				GCC_PREPROCESSOR_DEFINITIONS = (
					"DEBUG=1",
					"$(inherited)",
				);
				INFOPLIST_FILE = BreadcrumbTests/Info.plist;
				LD_RUNPATH_SEARCH_PATHS = "$(inherited) @executable_path/Frameworks @loader_path/Frameworks";
				PRODUCT_NAME = "$(TARGET_NAME)";
			};
			name = Debug;
		};
		37BFECD41A82D1460081BE4B /* Release */ = {
			isa = XCBuildConfiguration;
			buildSettings = {
				FRAMEWORK_SEARCH_PATHS = (
					"$(SDKROOT)/Developer/Library/Frameworks",
					"$(inherited)",
				);
				GCC_PRECOMPILE_PREFIX_HEADER = YES;
				GCC_PREFIX_HEADER = "Breadcrumb/Breadcrumb-Prefix.pch";
				INFOPLIST_FILE = BreadcrumbTests/Info.plist;
				LD_RUNPATH_SEARCH_PATHS = "$(inherited) @executable_path/Frameworks @loader_path/Frameworks";
				PRODUCT_NAME = "$(TARGET_NAME)";
			};
			name = Release;
		};
/* End XCBuildConfiguration section */

/* Begin XCConfigurationList section */
		37BFECB31A82D1460081BE4B /* Build configuration list for PBXProject "Breadcrumb" */ = {
			isa = XCConfigurationList;
			buildConfigurations = (
				37BFECCD1A82D1460081BE4B /* Debug */,
				37BFECCE1A82D1460081BE4B /* Release */,
			);
			defaultConfigurationIsVisible = 0;
			defaultConfigurationName = Release;
		};
		37BFECCF1A82D1460081BE4B /* Build configuration list for PBXNativeTarget "Breadcrumb" */ = {
			isa = XCConfigurationList;
			buildConfigurations = (
				37BFECD01A82D1460081BE4B /* Debug */,
				37BFECD11A82D1460081BE4B /* Release */,
			);
			defaultConfigurationIsVisible = 0;
			defaultConfigurationName = Release;
		};
		37BFECD21A82D1460081BE4B /* Build configuration list for PBXNativeTarget "BreadcrumbTests" */ = {
			isa = XCConfigurationList;
			buildConfigurations = (
				37BFECD31A82D1460081BE4B /* Debug */,
				37BFECD41A82D1460081BE4B /* Release */,
			);
			defaultConfigurationIsVisible = 0;
			defaultConfigurationName = Release;
		};
/* End XCConfigurationList section */
	};
	rootObject = 37BFECB01A82D1460081BE4B /* Project object */;
}
