// !$*UTF8*$!
{
	archiveVersion = 1;
	classes = {
	};
	objectVersion = 46;
	objects = {

/* Begin PBXBuildFile section */
		370E688C1A8D97AB00862518 /* RIPEMD160.c in Sources */ = {isa = PBXBuildFile; fileRef = 370E688B1A8D97AB00862518 /* RIPEMD160.c */; };
		370E688F1A8EB28700862518 /* libbase58.a in Frameworks */ = {isa = PBXBuildFile; fileRef = 370E688D1A8EB28700862518 /* libbase58.a */; };
		370E68901A8EB28700862518 /* libsecp256k1.a in Frameworks */ = {isa = PBXBuildFile; fileRef = 370E688E1A8EB28700862518 /* libsecp256k1.a */; };
		370E68931A8EB31E00862518 /* NSString+Base58.h in Headers */ = {isa = PBXBuildFile; fileRef = 370E68911A8EB31E00862518 /* NSString+Base58.h */; settings = {ATTRIBUTES = (Public, ); }; };
		370E68941A8EB31E00862518 /* NSString+Base58.m in Sources */ = {isa = PBXBuildFile; fileRef = 370E68921A8EB31E00862518 /* NSString+Base58.m */; };
		3752B1C41A83709B0029C91C /* BreadcrumbCore.h in Headers */ = {isa = PBXBuildFile; fileRef = 3752B1C31A83709B0029C91C /* BreadcrumbCore.h */; settings = {ATTRIBUTES = (Public, ); }; };
		3767F1591A830F5200AFD6D6 /* Breadcrumb-Prefix.pch in Headers */ = {isa = PBXBuildFile; fileRef = 3767F1581A830F5200AFD6D6 /* Breadcrumb-Prefix.pch */; };
		377A18F01A8424A8007AA1CD /* BCMnemonic.h in Headers */ = {isa = PBXBuildFile; fileRef = 377A18EE1A8424A8007AA1CD /* BCMnemonic.h */; settings = {ATTRIBUTES = (Public, ); }; };
		377A18F11A8424A8007AA1CD /* BCMnemonic.m in Sources */ = {isa = PBXBuildFile; fileRef = 377A18EF1A8424A8007AA1CD /* BCMnemonic.m */; };
		377A19031A844121007AA1CD /* BCAmount.h in Headers */ = {isa = PBXBuildFile; fileRef = 377A19011A844121007AA1CD /* BCAmount.h */; settings = {ATTRIBUTES = (Public, ); }; };
		377A19041A844121007AA1CD /* BCAmount.m in Sources */ = {isa = PBXBuildFile; fileRef = 377A19021A844121007AA1CD /* BCAmount.m */; };
		377A19071A8441CD007AA1CD /* BCAWallet.h in Headers */ = {isa = PBXBuildFile; fileRef = 377A19051A8441CD007AA1CD /* BCAWallet.h */; settings = {ATTRIBUTES = (Public, ); }; };
		377A19081A8441CD007AA1CD /* BCAWallet.m in Sources */ = {isa = PBXBuildFile; fileRef = 377A19061A8441CD007AA1CD /* BCAWallet.m */; };
		377A190B1A84446C007AA1CD /* BCAddress.h in Headers */ = {isa = PBXBuildFile; fileRef = 377A19091A84446C007AA1CD /* BCAddress.h */; settings = {ATTRIBUTES = (Public, ); }; };
		377A190C1A84446C007AA1CD /* BCAddress.m in Sources */ = {isa = PBXBuildFile; fileRef = 377A190A1A84446C007AA1CD /* BCAddress.m */; };
		377A19101A844D76007AA1CD /* BCWallet.h in Headers */ = {isa = PBXBuildFile; fileRef = 377A190E1A844D76007AA1CD /* BCWallet.h */; settings = {ATTRIBUTES = (Public, ); }; };
		377A19111A844D76007AA1CD /* BCWallet.m in Sources */ = {isa = PBXBuildFile; fileRef = 377A190F1A844D76007AA1CD /* BCWallet.m */; };
		377A19141A8583B1007AA1CD /* BCWallet+Transactions.h in Headers */ = {isa = PBXBuildFile; fileRef = 377A19121A8583B1007AA1CD /* BCWallet+Transactions.h */; };
		377A19151A8583B1007AA1CD /* BCWallet+Transactions.m in Sources */ = {isa = PBXBuildFile; fileRef = 377A19131A8583B1007AA1CD /* BCWallet+Transactions.m */; };
		377A191A1A858DB3007AA1CD /* BCAProvider.h in Headers */ = {isa = PBXBuildFile; fileRef = 377A19181A858DB3007AA1CD /* BCAProvider.h */; settings = {ATTRIBUTES = (Public, ); }; };
		377A191B1A858DB3007AA1CD /* BCAProvider.m in Sources */ = {isa = PBXBuildFile; fileRef = 377A19191A858DB3007AA1CD /* BCAProvider.m */; };
		377A191E1A858FFF007AA1CD /* BCProviderChain.h in Headers */ = {isa = PBXBuildFile; fileRef = 377A191C1A858FFF007AA1CD /* BCProviderChain.h */; };
		377A191F1A858FFF007AA1CD /* BCProviderChain.m in Sources */ = {isa = PBXBuildFile; fileRef = 377A191D1A858FFF007AA1CD /* BCProviderChain.m */; };
		377A19221A85A5FC007AA1CD /* NSData+Encryption.h in Headers */ = {isa = PBXBuildFile; fileRef = 377A19201A85A5FC007AA1CD /* NSData+Encryption.h */; settings = {ATTRIBUTES = (Public, ); }; };
		377A19231A85A5FC007AA1CD /* NSData+Encryption.m in Sources */ = {isa = PBXBuildFile; fileRef = 377A19211A85A5FC007AA1CD /* NSData+Encryption.m */; };
		377A192B1A870C67007AA1CD /* BCTransaction.h in Headers */ = {isa = PBXBuildFile; fileRef = 377A19291A870C67007AA1CD /* BCTransaction.h */; settings = {ATTRIBUTES = (Public, ); }; };
		377A192C1A870C67007AA1CD /* BCTransaction.m in Sources */ = {isa = PBXBuildFile; fileRef = 377A192A1A870C67007AA1CD /* BCTransaction.m */; };
		377A19311A875751007AA1CD /* BCScript.h in Headers */ = {isa = PBXBuildFile; fileRef = 377A192F1A875751007AA1CD /* BCScript.h */; settings = {ATTRIBUTES = (Public, ); }; };
		377A19321A875751007AA1CD /* BCScript.m in Sources */ = {isa = PBXBuildFile; fileRef = 377A19301A875751007AA1CD /* BCScript.m */; };
		377A19341A875F16007AA1CD /* BCScriptOpCodes.h in Headers */ = {isa = PBXBuildFile; fileRef = 377A19331A875F16007AA1CD /* BCScriptOpCodes.h */; settings = {ATTRIBUTES = (Public, ); }; };
		377A19371A879185007AA1CD /* BCScript+DefaultScripts.h in Headers */ = {isa = PBXBuildFile; fileRef = 377A19351A879185007AA1CD /* BCScript+DefaultScripts.h */; };
		377A19381A879185007AA1CD /* BCScript+DefaultScripts.m in Sources */ = {isa = PBXBuildFile; fileRef = 377A19361A879185007AA1CD /* BCScript+DefaultScripts.m */; };
		377A193D1A88871E007AA1CD /* BCTransactionOutput.h in Headers */ = {isa = PBXBuildFile; fileRef = 377A193B1A88871E007AA1CD /* BCTransactionOutput.h */; settings = {ATTRIBUTES = (Public, ); }; };
		377A193E1A88871E007AA1CD /* BCTransactionOutput.m in Sources */ = {isa = PBXBuildFile; fileRef = 377A193C1A88871E007AA1CD /* BCTransactionOutput.m */; };
		377A19421A888741007AA1CD /* BCTransactionInput.h in Headers */ = {isa = PBXBuildFile; fileRef = 377A19401A888741007AA1CD /* BCTransactionInput.h */; settings = {ATTRIBUTES = (Public, ); }; };
		377A19431A888741007AA1CD /* BCTransactionInput.m in Sources */ = {isa = PBXBuildFile; fileRef = 377A19411A888741007AA1CD /* BCTransactionInput.m */; };
		377A19461A897F94007AA1CD /* BCMutableTransaction.h in Headers */ = {isa = PBXBuildFile; fileRef = 377A19441A897F94007AA1CD /* BCMutableTransaction.h */; settings = {ATTRIBUTES = (Public, ); }; };
		377A19471A897F94007AA1CD /* BCMutableTransaction.m in Sources */ = {isa = PBXBuildFile; fileRef = 377A19451A897F94007AA1CD /* BCMutableTransaction.m */; };
		377A194E1A89AE2E007AA1CD /* BCWallet+TransactionSigning.h in Headers */ = {isa = PBXBuildFile; fileRef = 377A194C1A89AE2E007AA1CD /* BCWallet+TransactionSigning.h */; };
		377A194F1A89AE2E007AA1CD /* BCWallet+TransactionSigning.m in Sources */ = {isa = PBXBuildFile; fileRef = 377A194D1A89AE2E007AA1CD /* BCWallet+TransactionSigning.m */; };
		377A19521A89BC52007AA1CD /* _BCWallet.h in Headers */ = {isa = PBXBuildFile; fileRef = 377A19511A89BC52007AA1CD /* _BCWallet.h */; };
		377A195A1A8ADD29007AA1CD /* BCKeyPair.h in Headers */ = {isa = PBXBuildFile; fileRef = 377A19581A8ADD29007AA1CD /* BCKeyPair.h */; };
		377A195B1A8ADD29007AA1CD /* BCKeyPair.m in Sources */ = {isa = PBXBuildFile; fileRef = 377A19591A8ADD29007AA1CD /* BCKeyPair.m */; };
		377A195F1A8AE03A007AA1CD /* BCProtectedData.h in Headers */ = {isa = PBXBuildFile; fileRef = 377A195D1A8AE03A007AA1CD /* BCProtectedData.h */; settings = {ATTRIBUTES = (Public, ); }; };
		377A19601A8AE03A007AA1CD /* BCProtectedData.m in Sources */ = {isa = PBXBuildFile; fileRef = 377A195E1A8AE03A007AA1CD /* BCProtectedData.m */; };
		377A19631A8AF56D007AA1CD /* BCWallet+Restoration.h in Headers */ = {isa = PBXBuildFile; fileRef = 377A19611A8AF56D007AA1CD /* BCWallet+Restoration.h */; };
		377A19641A8AF56D007AA1CD /* BCWallet+Restoration.m in Sources */ = {isa = PBXBuildFile; fileRef = 377A19621A8AF56D007AA1CD /* BCWallet+Restoration.m */; };
		377A19671A8B0144007AA1CD /* BCKeySequence.h in Headers */ = {isa = PBXBuildFile; fileRef = 377A19651A8B0144007AA1CD /* BCKeySequence.h */; };
		377A19681A8B0144007AA1CD /* BCKeySequence.m in Sources */ = {isa = PBXBuildFile; fileRef = 377A19661A8B0144007AA1CD /* BCKeySequence.m */; };
		377A196C1A8C020C007AA1CD /* BCsecp256k1.h in Headers */ = {isa = PBXBuildFile; fileRef = 377A196A1A8C020C007AA1CD /* BCsecp256k1.h */; };
		377A196D1A8C020C007AA1CD /* BCsecp256k1.m in Sources */ = {isa = PBXBuildFile; fileRef = 377A196B1A8C020C007AA1CD /* BCsecp256k1.m */; };
		37BFECBF1A82D1460081BE4B /* Breadcrumb.h in Headers */ = {isa = PBXBuildFile; fileRef = 37BFECBE1A82D1460081BE4B /* Breadcrumb.h */; settings = {ATTRIBUTES = (Public, ); }; };
		37BFECC51A82D1460081BE4B /* Breadcrumb.framework in Frameworks */ = {isa = PBXBuildFile; fileRef = 37BFECB91A82D1460081BE4B /* Breadcrumb.framework */; };
		37BFECCC1A82D1460081BE4B /* BreadcrumbTests.m in Sources */ = {isa = PBXBuildFile; fileRef = 37BFECCB1A82D1460081BE4B /* BreadcrumbTests.m */; };
		37D51B851A8CC9FB00A843B7 /* BRBIP39Mnemonic.h in Headers */ = {isa = PBXBuildFile; fileRef = 37D51B831A8CC9FB00A843B7 /* BRBIP39Mnemonic.h */; settings = {ATTRIBUTES = (Public, ); }; };
		37D51B861A8CC9FB00A843B7 /* BRBIP39Mnemonic.m in Sources */ = {isa = PBXBuildFile; fileRef = 37D51B841A8CC9FB00A843B7 /* BRBIP39Mnemonic.m */; };
		37D51B931A8CCA2F00A843B7 /* NSData+Bitcoin.h in Headers */ = {isa = PBXBuildFile; fileRef = 37D51B8D1A8CCA2F00A843B7 /* NSData+Bitcoin.h */; settings = {ATTRIBUTES = (Public, ); }; };
		37D51B941A8CCA2F00A843B7 /* NSData+Bitcoin.m in Sources */ = {isa = PBXBuildFile; fileRef = 37D51B8E1A8CCA2F00A843B7 /* NSData+Bitcoin.m */; };
		37D51B951A8CCA2F00A843B7 /* NSData+Hash.h in Headers */ = {isa = PBXBuildFile; fileRef = 37D51B8F1A8CCA2F00A843B7 /* NSData+Hash.h */; settings = {ATTRIBUTES = (Public, ); }; };
		37D51B961A8CCA2F00A843B7 /* NSData+Hash.m in Sources */ = {isa = PBXBuildFile; fileRef = 37D51B901A8CCA2F00A843B7 /* NSData+Hash.m */; };
		37D51B971A8CCA2F00A843B7 /* NSMutableData+Bitcoin.h in Headers */ = {isa = PBXBuildFile; fileRef = 37D51B911A8CCA2F00A843B7 /* NSMutableData+Bitcoin.h */; settings = {ATTRIBUTES = (Public, ); }; };
		37D51B981A8CCA2F00A843B7 /* NSMutableData+Bitcoin.m in Sources */ = {isa = PBXBuildFile; fileRef = 37D51B921A8CCA2F00A843B7 /* NSMutableData+Bitcoin.m */; };
		37D51BA01A8CCA5C00A843B7 /* ccMemory.h in Headers */ = {isa = PBXBuildFile; fileRef = 37D51B9D1A8CCA5C00A843B7 /* ccMemory.h */; };
		37D51BA11A8CCA5C00A843B7 /* Reachability.h in Headers */ = {isa = PBXBuildFile; fileRef = 37D51B9E1A8CCA5C00A843B7 /* Reachability.h */; };
		37D51BA21A8CCA5C00A843B7 /* Reachability.m in Sources */ = {isa = PBXBuildFile; fileRef = 37D51B9F1A8CCA5C00A843B7 /* Reachability.m */; };
		37D51BA41A8CCE1B00A843B7 /* BRMnemonic.h in Headers */ = {isa = PBXBuildFile; fileRef = 37D51BA31A8CCE1B00A843B7 /* BRMnemonic.h */; settings = {ATTRIBUTES = (Public, ); }; };
		37D51BA71A8CD36E00A843B7 /* BIP39EnglishWords.plist in Resources */ = {isa = PBXBuildFile; fileRef = 37D51BA51A8CD36E00A843B7 /* BIP39EnglishWords.plist */; };
		37D51BA81A8CD36E00A843B7 /* FixedPeers.plist in Resources */ = {isa = PBXBuildFile; fileRef = 37D51BA61A8CD36E00A843B7 /* FixedPeers.plist */; };
/* End PBXBuildFile section */

/* Begin PBXContainerItemProxy section */
		37BFECC61A82D1460081BE4B /* PBXContainerItemProxy */ = {
			isa = PBXContainerItemProxy;
			containerPortal = 37BFECB01A82D1460081BE4B /* Project object */;
			proxyType = 1;
			remoteGlobalIDString = 37BFECB81A82D1460081BE4B;
			remoteInfo = Breadcrumb;
		};
/* End PBXContainerItemProxy section */

/* Begin PBXFileReference section */
		370E688B1A8D97AB00862518 /* RIPEMD160.c */ = {isa = PBXFileReference; fileEncoding = 4; lastKnownFileType = sourcecode.c.c; name = RIPEMD160.c; path = Crumbs/RIPEMD160.c; sourceTree = "<group>"; };
		370E688D1A8EB28700862518 /* libbase58.a */ = {isa = PBXFileReference; lastKnownFileType = archive.ar; name = libbase58.a; path = ../../libs/libbase58/libbase58.a; sourceTree = "<group>"; };
		370E688E1A8EB28700862518 /* libsecp256k1.a */ = {isa = PBXFileReference; lastKnownFileType = archive.ar; name = libsecp256k1.a; path = ../../libs/libsecp256k1/libsecp256k1.a; sourceTree = "<group>"; };
		370E68911A8EB31E00862518 /* NSString+Base58.h */ = {isa = PBXFileReference; fileEncoding = 4; lastKnownFileType = sourcecode.c.h; name = "NSString+Base58.h"; path = "Categories/NSString+Base58.h"; sourceTree = "<group>"; };
		370E68921A8EB31E00862518 /* NSString+Base58.m */ = {isa = PBXFileReference; fileEncoding = 4; lastKnownFileType = sourcecode.c.objc; name = "NSString+Base58.m"; path = "Categories/NSString+Base58.m"; sourceTree = "<group>"; };
		3752B1C31A83709B0029C91C /* BreadcrumbCore.h */ = {isa = PBXFileReference; fileEncoding = 4; lastKnownFileType = sourcecode.c.h; path = BreadcrumbCore.h; sourceTree = "<group>"; };
		3767EC791A82E25300AFD6D6 /* libcrypto.a */ = {isa = PBXFileReference; lastKnownFileType = archive.ar; path = libcrypto.a; sourceTree = BUILT_PRODUCTS_DIR; };
		3767F14F1A830D4100AFD6D6 /* UIKit.framework */ = {isa = PBXFileReference; lastKnownFileType = wrapper.framework; name = UIKit.framework; path = System/Library/Frameworks/UIKit.framework; sourceTree = SDKROOT; };
		3767F1581A830F5200AFD6D6 /* Breadcrumb-Prefix.pch */ = {isa = PBXFileReference; fileEncoding = 4; lastKnownFileType = sourcecode.c.h; path = "Breadcrumb-Prefix.pch"; sourceTree = "<group>"; };
		377A18EE1A8424A8007AA1CD /* BCMnemonic.h */ = {isa = PBXFileReference; fileEncoding = 4; lastKnownFileType = sourcecode.c.h; name = BCMnemonic.h; path = Mnemonic/BCMnemonic.h; sourceTree = "<group>"; };
		377A18EF1A8424A8007AA1CD /* BCMnemonic.m */ = {isa = PBXFileReference; fileEncoding = 4; lastKnownFileType = sourcecode.c.objc; name = BCMnemonic.m; path = Mnemonic/BCMnemonic.m; sourceTree = "<group>"; };
		377A19011A844121007AA1CD /* BCAmount.h */ = {isa = PBXFileReference; fileEncoding = 4; lastKnownFileType = sourcecode.c.h; name = BCAmount.h; path = Amount/BCAmount.h; sourceTree = "<group>"; };
		377A19021A844121007AA1CD /* BCAmount.m */ = {isa = PBXFileReference; fileEncoding = 4; lastKnownFileType = sourcecode.c.objc; name = BCAmount.m; path = Amount/BCAmount.m; sourceTree = "<group>"; };
		377A19051A8441CD007AA1CD /* BCAWallet.h */ = {isa = PBXFileReference; fileEncoding = 4; lastKnownFileType = sourcecode.c.h; name = BCAWallet.h; path = Abstracts/BCAWallet.h; sourceTree = "<group>"; };
		377A19061A8441CD007AA1CD /* BCAWallet.m */ = {isa = PBXFileReference; fileEncoding = 4; lastKnownFileType = sourcecode.c.objc; name = BCAWallet.m; path = Abstracts/BCAWallet.m; sourceTree = "<group>"; };
		377A19091A84446C007AA1CD /* BCAddress.h */ = {isa = PBXFileReference; fileEncoding = 4; lastKnownFileType = sourcecode.c.h; name = BCAddress.h; path = Abstracts/BCAddress.h; sourceTree = "<group>"; };
		377A190A1A84446C007AA1CD /* BCAddress.m */ = {isa = PBXFileReference; fileEncoding = 4; lastKnownFileType = sourcecode.c.objc; name = BCAddress.m; path = Abstracts/BCAddress.m; sourceTree = "<group>"; };
		377A190E1A844D76007AA1CD /* BCWallet.h */ = {isa = PBXFileReference; fileEncoding = 4; lastKnownFileType = sourcecode.c.h; name = BCWallet.h; path = Wallet/BCWallet.h; sourceTree = "<group>"; };
		377A190F1A844D76007AA1CD /* BCWallet.m */ = {isa = PBXFileReference; fileEncoding = 4; lastKnownFileType = sourcecode.c.objc; name = BCWallet.m; path = Wallet/BCWallet.m; sourceTree = "<group>"; };
		377A19121A8583B1007AA1CD /* BCWallet+Transactions.h */ = {isa = PBXFileReference; fileEncoding = 4; lastKnownFileType = sourcecode.c.h; name = "BCWallet+Transactions.h"; path = "Wallet/BCWallet+Transactions.h"; sourceTree = "<group>"; };
		377A19131A8583B1007AA1CD /* BCWallet+Transactions.m */ = {isa = PBXFileReference; fileEncoding = 4; lastKnownFileType = sourcecode.c.objc; name = "BCWallet+Transactions.m"; path = "Wallet/BCWallet+Transactions.m"; sourceTree = "<group>"; };
		377A19181A858DB3007AA1CD /* BCAProvider.h */ = {isa = PBXFileReference; fileEncoding = 4; lastKnownFileType = sourcecode.c.h; name = BCAProvider.h; path = Abstracts/BCAProvider.h; sourceTree = "<group>"; };
		377A19191A858DB3007AA1CD /* BCAProvider.m */ = {isa = PBXFileReference; fileEncoding = 4; lastKnownFileType = sourcecode.c.objc; name = BCAProvider.m; path = Abstracts/BCAProvider.m; sourceTree = "<group>"; };
		377A191C1A858FFF007AA1CD /* BCProviderChain.h */ = {isa = PBXFileReference; fileEncoding = 4; lastKnownFileType = sourcecode.c.h; name = BCProviderChain.h; path = Providers/BCProviderChain.h; sourceTree = "<group>"; };
		377A191D1A858FFF007AA1CD /* BCProviderChain.m */ = {isa = PBXFileReference; fileEncoding = 4; lastKnownFileType = sourcecode.c.objc; name = BCProviderChain.m; path = Providers/BCProviderChain.m; sourceTree = "<group>"; };
		377A19201A85A5FC007AA1CD /* NSData+Encryption.h */ = {isa = PBXFileReference; fileEncoding = 4; lastKnownFileType = sourcecode.c.h; name = "NSData+Encryption.h"; path = "Categories/NSData+Encryption.h"; sourceTree = "<group>"; };
		377A19211A85A5FC007AA1CD /* NSData+Encryption.m */ = {isa = PBXFileReference; fileEncoding = 4; lastKnownFileType = sourcecode.c.objc; name = "NSData+Encryption.m"; path = "Categories/NSData+Encryption.m"; sourceTree = "<group>"; };
		377A19291A870C67007AA1CD /* BCTransaction.h */ = {isa = PBXFileReference; fileEncoding = 4; lastKnownFileType = sourcecode.c.h; name = BCTransaction.h; path = Transaction/BCTransaction.h; sourceTree = "<group>"; };
		377A192A1A870C67007AA1CD /* BCTransaction.m */ = {isa = PBXFileReference; fileEncoding = 4; lastKnownFileType = sourcecode.c.objc; name = BCTransaction.m; path = Transaction/BCTransaction.m; sourceTree = "<group>"; };
		377A192F1A875751007AA1CD /* BCScript.h */ = {isa = PBXFileReference; fileEncoding = 4; lastKnownFileType = sourcecode.c.h; name = BCScript.h; path = Script/BCScript.h; sourceTree = "<group>"; };
		377A19301A875751007AA1CD /* BCScript.m */ = {isa = PBXFileReference; fileEncoding = 4; lastKnownFileType = sourcecode.c.objc; name = BCScript.m; path = Script/BCScript.m; sourceTree = "<group>"; };
		377A19331A875F16007AA1CD /* BCScriptOpCodes.h */ = {isa = PBXFileReference; fileEncoding = 4; lastKnownFileType = sourcecode.c.h; path = BCScriptOpCodes.h; sourceTree = "<group>"; };
		377A19351A879185007AA1CD /* BCScript+DefaultScripts.h */ = {isa = PBXFileReference; fileEncoding = 4; lastKnownFileType = sourcecode.c.h; name = "BCScript+DefaultScripts.h"; path = "Script/BCScript+DefaultScripts.h"; sourceTree = "<group>"; };
		377A19361A879185007AA1CD /* BCScript+DefaultScripts.m */ = {isa = PBXFileReference; fileEncoding = 4; lastKnownFileType = sourcecode.c.objc; name = "BCScript+DefaultScripts.m"; path = "Script/BCScript+DefaultScripts.m"; sourceTree = "<group>"; };
		377A193B1A88871E007AA1CD /* BCTransactionOutput.h */ = {isa = PBXFileReference; fileEncoding = 4; lastKnownFileType = sourcecode.c.h; name = BCTransactionOutput.h; path = Transaction/BCTransactionOutput.h; sourceTree = "<group>"; };
		377A193C1A88871E007AA1CD /* BCTransactionOutput.m */ = {isa = PBXFileReference; fileEncoding = 4; lastKnownFileType = sourcecode.c.objc; name = BCTransactionOutput.m; path = Transaction/BCTransactionOutput.m; sourceTree = "<group>"; };
		377A19401A888741007AA1CD /* BCTransactionInput.h */ = {isa = PBXFileReference; fileEncoding = 4; lastKnownFileType = sourcecode.c.h; name = BCTransactionInput.h; path = Transaction/BCTransactionInput.h; sourceTree = "<group>"; };
		377A19411A888741007AA1CD /* BCTransactionInput.m */ = {isa = PBXFileReference; fileEncoding = 4; lastKnownFileType = sourcecode.c.objc; name = BCTransactionInput.m; path = Transaction/BCTransactionInput.m; sourceTree = "<group>"; };
		377A19441A897F94007AA1CD /* BCMutableTransaction.h */ = {isa = PBXFileReference; fileEncoding = 4; lastKnownFileType = sourcecode.c.h; name = BCMutableTransaction.h; path = Transaction/BCMutableTransaction.h; sourceTree = "<group>"; };
		377A19451A897F94007AA1CD /* BCMutableTransaction.m */ = {isa = PBXFileReference; fileEncoding = 4; lastKnownFileType = sourcecode.c.objc; name = BCMutableTransaction.m; path = Transaction/BCMutableTransaction.m; sourceTree = "<group>"; };
		377A194C1A89AE2E007AA1CD /* BCWallet+TransactionSigning.h */ = {isa = PBXFileReference; fileEncoding = 4; lastKnownFileType = sourcecode.c.h; name = "BCWallet+TransactionSigning.h"; path = "Wallet/BCWallet+TransactionSigning.h"; sourceTree = "<group>"; };
		377A194D1A89AE2E007AA1CD /* BCWallet+TransactionSigning.m */ = {isa = PBXFileReference; fileEncoding = 4; lastKnownFileType = sourcecode.c.objc; name = "BCWallet+TransactionSigning.m"; path = "Wallet/BCWallet+TransactionSigning.m"; sourceTree = "<group>"; };
		377A19511A89BC52007AA1CD /* _BCWallet.h */ = {isa = PBXFileReference; fileEncoding = 4; lastKnownFileType = sourcecode.c.h; path = _BCWallet.h; sourceTree = "<group>"; };
		377A19581A8ADD29007AA1CD /* BCKeyPair.h */ = {isa = PBXFileReference; fileEncoding = 4; lastKnownFileType = sourcecode.c.h; name = BCKeyPair.h; path = Keys/BCKeyPair.h; sourceTree = "<group>"; };
		377A19591A8ADD29007AA1CD /* BCKeyPair.m */ = {isa = PBXFileReference; fileEncoding = 4; lastKnownFileType = sourcecode.c.objc; name = BCKeyPair.m; path = Keys/BCKeyPair.m; sourceTree = "<group>"; };
		377A195D1A8AE03A007AA1CD /* BCProtectedData.h */ = {isa = PBXFileReference; fileEncoding = 4; lastKnownFileType = sourcecode.c.h; name = BCProtectedData.h; path = Utilities/BCProtectedData.h; sourceTree = "<group>"; };
		377A195E1A8AE03A007AA1CD /* BCProtectedData.m */ = {isa = PBXFileReference; fileEncoding = 4; lastKnownFileType = sourcecode.c.objc; name = BCProtectedData.m; path = Utilities/BCProtectedData.m; sourceTree = "<group>"; };
		377A19611A8AF56D007AA1CD /* BCWallet+Restoration.h */ = {isa = PBXFileReference; fileEncoding = 4; lastKnownFileType = sourcecode.c.h; name = "BCWallet+Restoration.h"; path = "Wallet/BCWallet+Restoration.h"; sourceTree = "<group>"; };
		377A19621A8AF56D007AA1CD /* BCWallet+Restoration.m */ = {isa = PBXFileReference; fileEncoding = 4; lastKnownFileType = sourcecode.c.objc; name = "BCWallet+Restoration.m"; path = "Wallet/BCWallet+Restoration.m"; sourceTree = "<group>"; };
		377A19651A8B0144007AA1CD /* BCKeySequence.h */ = {isa = PBXFileReference; fileEncoding = 4; lastKnownFileType = sourcecode.c.h; name = BCKeySequence.h; path = Keys/BCKeySequence.h; sourceTree = "<group>"; };
		377A19661A8B0144007AA1CD /* BCKeySequence.m */ = {isa = PBXFileReference; fileEncoding = 4; lastKnownFileType = sourcecode.c.objc; name = BCKeySequence.m; path = Keys/BCKeySequence.m; sourceTree = "<group>"; };
		377A196A1A8C020C007AA1CD /* BCsecp256k1.h */ = {isa = PBXFileReference; fileEncoding = 4; lastKnownFileType = sourcecode.c.h; name = BCsecp256k1.h; path = secp256k1/BCsecp256k1.h; sourceTree = "<group>"; };
		377A196B1A8C020C007AA1CD /* BCsecp256k1.m */ = {isa = PBXFileReference; fileEncoding = 4; lastKnownFileType = sourcecode.c.objc; name = BCsecp256k1.m; path = secp256k1/BCsecp256k1.m; sourceTree = "<group>"; };
		37BFECB91A82D1460081BE4B /* Breadcrumb.framework */ = {isa = PBXFileReference; explicitFileType = wrapper.framework; includeInIndex = 0; path = Breadcrumb.framework; sourceTree = BUILT_PRODUCTS_DIR; };
		37BFECBD1A82D1460081BE4B /* Info.plist */ = {isa = PBXFileReference; lastKnownFileType = text.plist.xml; path = Info.plist; sourceTree = "<group>"; };
		37BFECBE1A82D1460081BE4B /* Breadcrumb.h */ = {isa = PBXFileReference; lastKnownFileType = sourcecode.c.h; path = Breadcrumb.h; sourceTree = "<group>"; };
		37BFECC41A82D1460081BE4B /* BreadcrumbTests.xctest */ = {isa = PBXFileReference; explicitFileType = wrapper.cfbundle; includeInIndex = 0; path = BreadcrumbTests.xctest; sourceTree = BUILT_PRODUCTS_DIR; };
		37BFECCA1A82D1460081BE4B /* Info.plist */ = {isa = PBXFileReference; lastKnownFileType = text.plist.xml; path = Info.plist; sourceTree = "<group>"; };
		37BFECCB1A82D1460081BE4B /* BreadcrumbTests.m */ = {isa = PBXFileReference; lastKnownFileType = sourcecode.c.objc; path = BreadcrumbTests.m; sourceTree = "<group>"; };
		37D51B831A8CC9FB00A843B7 /* BRBIP39Mnemonic.h */ = {isa = PBXFileReference; fileEncoding = 4; lastKnownFileType = sourcecode.c.h; name = BRBIP39Mnemonic.h; path = Crumbs/BRBIP39Mnemonic.h; sourceTree = "<group>"; };
		37D51B841A8CC9FB00A843B7 /* BRBIP39Mnemonic.m */ = {isa = PBXFileReference; fileEncoding = 4; lastKnownFileType = sourcecode.c.objc; name = BRBIP39Mnemonic.m; path = Crumbs/BRBIP39Mnemonic.m; sourceTree = "<group>"; };
		37D51B8D1A8CCA2F00A843B7 /* NSData+Bitcoin.h */ = {isa = PBXFileReference; fileEncoding = 4; lastKnownFileType = sourcecode.c.h; name = "NSData+Bitcoin.h"; path = "Crumbs/NSData+Bitcoin.h"; sourceTree = "<group>"; };
		37D51B8E1A8CCA2F00A843B7 /* NSData+Bitcoin.m */ = {isa = PBXFileReference; fileEncoding = 4; lastKnownFileType = sourcecode.c.objc; name = "NSData+Bitcoin.m"; path = "Crumbs/NSData+Bitcoin.m"; sourceTree = "<group>"; };
		37D51B8F1A8CCA2F00A843B7 /* NSData+Hash.h */ = {isa = PBXFileReference; fileEncoding = 4; lastKnownFileType = sourcecode.c.h; name = "NSData+Hash.h"; path = "Crumbs/NSData+Hash.h"; sourceTree = "<group>"; };
		37D51B901A8CCA2F00A843B7 /* NSData+Hash.m */ = {isa = PBXFileReference; fileEncoding = 4; lastKnownFileType = sourcecode.c.objc; name = "NSData+Hash.m"; path = "Crumbs/NSData+Hash.m"; sourceTree = "<group>"; };
		37D51B911A8CCA2F00A843B7 /* NSMutableData+Bitcoin.h */ = {isa = PBXFileReference; fileEncoding = 4; lastKnownFileType = sourcecode.c.h; name = "NSMutableData+Bitcoin.h"; path = "Crumbs/NSMutableData+Bitcoin.h"; sourceTree = "<group>"; };
		37D51B921A8CCA2F00A843B7 /* NSMutableData+Bitcoin.m */ = {isa = PBXFileReference; fileEncoding = 4; lastKnownFileType = sourcecode.c.objc; name = "NSMutableData+Bitcoin.m"; path = "Crumbs/NSMutableData+Bitcoin.m"; sourceTree = "<group>"; };
		37D51B9D1A8CCA5C00A843B7 /* ccMemory.h */ = {isa = PBXFileReference; fileEncoding = 4; lastKnownFileType = sourcecode.c.h; name = ccMemory.h; path = Crumbs/ccMemory.h; sourceTree = "<group>"; };
		37D51B9E1A8CCA5C00A843B7 /* Reachability.h */ = {isa = PBXFileReference; fileEncoding = 4; lastKnownFileType = sourcecode.c.h; name = Reachability.h; path = Crumbs/Reachability.h; sourceTree = "<group>"; };
		37D51B9F1A8CCA5C00A843B7 /* Reachability.m */ = {isa = PBXFileReference; fileEncoding = 4; lastKnownFileType = sourcecode.c.objc; name = Reachability.m; path = Crumbs/Reachability.m; sourceTree = "<group>"; };
		37D51BA31A8CCE1B00A843B7 /* BRMnemonic.h */ = {isa = PBXFileReference; fileEncoding = 4; lastKnownFileType = sourcecode.c.h; name = BRMnemonic.h; path = Crumbs/BRMnemonic.h; sourceTree = "<group>"; };
		37D51BA51A8CD36E00A843B7 /* BIP39EnglishWords.plist */ = {isa = PBXFileReference; fileEncoding = 4; lastKnownFileType = text.plist.xml; path = BIP39EnglishWords.plist; sourceTree = "<group>"; };
		37D51BA61A8CD36E00A843B7 /* FixedPeers.plist */ = {isa = PBXFileReference; fileEncoding = 4; lastKnownFileType = text.plist.xml; path = FixedPeers.plist; sourceTree = "<group>"; };
/* End PBXFileReference section */

/* Begin PBXFrameworksBuildPhase section */
		37BFECB51A82D1460081BE4B /* Frameworks */ = {
			isa = PBXFrameworksBuildPhase;
			buildActionMask = 2147483647;
			files = (
				370E68901A8EB28700862518 /* libsecp256k1.a in Frameworks */,
				370E688F1A8EB28700862518 /* libbase58.a in Frameworks */,
			);
			runOnlyForDeploymentPostprocessing = 0;
		};
		37BFECC11A82D1460081BE4B /* Frameworks */ = {
			isa = PBXFrameworksBuildPhase;
			buildActionMask = 2147483647;
			files = (
				37BFECC51A82D1460081BE4B /* Breadcrumb.framework in Frameworks */,
			);
			runOnlyForDeploymentPostprocessing = 0;
		};
/* End PBXFrameworksBuildPhase section */

/* Begin PBXGroup section */
		370E68A01A931C8700862518 /* Big Number */ = {
			isa = PBXGroup;
			children = (
			);
			name = "Big Number";
			sourceTree = "<group>";
		};
		3711194E1A8320DF002D7E6B /* Frameworks */ = {
			isa = PBXGroup;
			children = (
				370E688D1A8EB28700862518 /* libbase58.a */,
				370E688E1A8EB28700862518 /* libsecp256k1.a */,
				3767F14F1A830D4100AFD6D6 /* UIKit.framework */,
				3767EC791A82E25300AFD6D6 /* libcrypto.a */,
			);
			name = Frameworks;
			sourceTree = "<group>";
		};
		3767EC7B1A82E56C00AFD6D6 /* Interfaces */ = {
			isa = PBXGroup;
			children = (
				377A19691A8C01D2007AA1CD /* secp256k1 */,
				377A195C1A8AE00A007AA1CD /* Protected Data */,
				377A19531A8ADBA4007AA1CD /* Keys */,
				377A192E1A8756BE007AA1CD /* Script */,
				377A19281A870C36007AA1CD /* Transaction */,
				377A19161A858D89007AA1CD /* Provider */,
				377A190D1A844D56007AA1CD /* Wallet */,
				377A18FF1A843FFA007AA1CD /* Amount */,
				377A18ED1A842467007AA1CD /* Mnemonic */,
			);
			name = Interfaces;
			sourceTree = "<group>";
		};
		3767F12A1A830B8200AFD6D6 /* Mnemonic */ = {
			isa = PBXGroup;
			children = (
				37D51BA31A8CCE1B00A843B7 /* BRMnemonic.h */,
				37D51B831A8CC9FB00A843B7 /* BRBIP39Mnemonic.h */,
				37D51B841A8CC9FB00A843B7 /* BRBIP39Mnemonic.m */,
			);
			name = Mnemonic;
			sourceTree = "<group>";
		};
		3767F1371A830C6D00AFD6D6 /* NSUtilties */ = {
			isa = PBXGroup;
			children = (
				3767F14E1A830CAF00AFD6D6 /* String */,
				3767F14C1A830C9800AFD6D6 /* Data */,
			);
			name = NSUtilties;
			sourceTree = "<group>";
		};
		3767F14C1A830C9800AFD6D6 /* Data */ = {
			isa = PBXGroup;
			children = (
				37D51B8D1A8CCA2F00A843B7 /* NSData+Bitcoin.h */,
				37D51B8E1A8CCA2F00A843B7 /* NSData+Bitcoin.m */,
				37D51B8F1A8CCA2F00A843B7 /* NSData+Hash.h */,
				37D51B901A8CCA2F00A843B7 /* NSData+Hash.m */,
				37D51B911A8CCA2F00A843B7 /* NSMutableData+Bitcoin.h */,
				37D51B921A8CCA2F00A843B7 /* NSMutableData+Bitcoin.m */,
				377A19201A85A5FC007AA1CD /* NSData+Encryption.h */,
				377A19211A85A5FC007AA1CD /* NSData+Encryption.m */,
			);
			name = Data;
			sourceTree = "<group>";
		};
		3767F14E1A830CAF00AFD6D6 /* String */ = {
			isa = PBXGroup;
			children = (
				370E68911A8EB31E00862518 /* NSString+Base58.h */,
				370E68921A8EB31E00862518 /* NSString+Base58.m */,
			);
			name = String;
			sourceTree = "<group>";
		};
		377A18ED1A842467007AA1CD /* Mnemonic */ = {
			isa = PBXGroup;
			children = (
				377A18EE1A8424A8007AA1CD /* BCMnemonic.h */,
				377A18EF1A8424A8007AA1CD /* BCMnemonic.m */,
			);
			name = Mnemonic;
			sourceTree = "<group>";
		};
		377A18F21A843712007AA1CD /* Abstracts */ = {
			isa = PBXGroup;
			children = (
				377A19171A858D93007AA1CD /* Provider */,
				377A19001A844002007AA1CD /* Transaction */,
				377A18FE1A843FEE007AA1CD /* Address */,
				377A18FD1A843FE5007AA1CD /* Wallet */,
			);
			name = Abstracts;
			sourceTree = "<group>";
		};
		377A18FD1A843FE5007AA1CD /* Wallet */ = {
			isa = PBXGroup;
			children = (
				377A19051A8441CD007AA1CD /* BCAWallet.h */,
				377A19061A8441CD007AA1CD /* BCAWallet.m */,
			);
			name = Wallet;
			sourceTree = "<group>";
		};
		377A18FE1A843FEE007AA1CD /* Address */ = {
			isa = PBXGroup;
			children = (
				377A19091A84446C007AA1CD /* BCAddress.h */,
				377A190A1A84446C007AA1CD /* BCAddress.m */,
			);
			name = Address;
			sourceTree = "<group>";
		};
		377A18FF1A843FFA007AA1CD /* Amount */ = {
			isa = PBXGroup;
			children = (
				377A19011A844121007AA1CD /* BCAmount.h */,
				377A19021A844121007AA1CD /* BCAmount.m */,
			);
			name = Amount;
			sourceTree = "<group>";
		};
		377A19001A844002007AA1CD /* Transaction */ = {
			isa = PBXGroup;
			children = (
			);
			name = Transaction;
			sourceTree = "<group>";
		};
		377A190D1A844D56007AA1CD /* Wallet */ = {
			isa = PBXGroup;
			children = (
				377A19511A89BC52007AA1CD /* _BCWallet.h */,
				377A190E1A844D76007AA1CD /* BCWallet.h */,
				377A190F1A844D76007AA1CD /* BCWallet.m */,
				377A19121A8583B1007AA1CD /* BCWallet+Transactions.h */,
				377A19131A8583B1007AA1CD /* BCWallet+Transactions.m */,
				377A194C1A89AE2E007AA1CD /* BCWallet+TransactionSigning.h */,
				377A194D1A89AE2E007AA1CD /* BCWallet+TransactionSigning.m */,
				377A19611A8AF56D007AA1CD /* BCWallet+Restoration.h */,
				377A19621A8AF56D007AA1CD /* BCWallet+Restoration.m */,
			);
			name = Wallet;
			sourceTree = "<group>";
		};
		377A19161A858D89007AA1CD /* Provider */ = {
			isa = PBXGroup;
			children = (
				377A192D1A870EC1007AA1CD /* Chain */,
			);
			name = Provider;
			sourceTree = "<group>";
		};
		377A19171A858D93007AA1CD /* Provider */ = {
			isa = PBXGroup;
			children = (
				377A19181A858DB3007AA1CD /* BCAProvider.h */,
				377A19191A858DB3007AA1CD /* BCAProvider.m */,
			);
			name = Provider;
			sourceTree = "<group>";
		};
		377A19281A870C36007AA1CD /* Transaction */ = {
			isa = PBXGroup;
			children = (
				377A193F1A888725007AA1CD /* Inputs */,
				377A193A1A888706007AA1CD /* Outputs */,
				377A19291A870C67007AA1CD /* BCTransaction.h */,
				377A192A1A870C67007AA1CD /* BCTransaction.m */,
				377A19441A897F94007AA1CD /* BCMutableTransaction.h */,
				377A19451A897F94007AA1CD /* BCMutableTransaction.m */,
			);
			name = Transaction;
			sourceTree = "<group>";
		};
		377A192D1A870EC1007AA1CD /* Chain */ = {
			isa = PBXGroup;
			children = (
				377A191C1A858FFF007AA1CD /* BCProviderChain.h */,
				377A191D1A858FFF007AA1CD /* BCProviderChain.m */,
			);
			name = Chain;
			sourceTree = "<group>";
		};
		377A192E1A8756BE007AA1CD /* Script */ = {
			isa = PBXGroup;
			children = (
				377A19331A875F16007AA1CD /* BCScriptOpCodes.h */,
				377A192F1A875751007AA1CD /* BCScript.h */,
				377A19301A875751007AA1CD /* BCScript.m */,
				377A19351A879185007AA1CD /* BCScript+DefaultScripts.h */,
				377A19361A879185007AA1CD /* BCScript+DefaultScripts.m */,
			);
			name = Script;
			sourceTree = "<group>";
		};
		377A193A1A888706007AA1CD /* Outputs */ = {
			isa = PBXGroup;
			children = (
				377A193B1A88871E007AA1CD /* BCTransactionOutput.h */,
				377A193C1A88871E007AA1CD /* BCTransactionOutput.m */,
			);
			name = Outputs;
			sourceTree = "<group>";
		};
		377A193F1A888725007AA1CD /* Inputs */ = {
			isa = PBXGroup;
			children = (
				377A19401A888741007AA1CD /* BCTransactionInput.h */,
				377A19411A888741007AA1CD /* BCTransactionInput.m */,
			);
			name = Inputs;
			sourceTree = "<group>";
		};
		377A19531A8ADBA4007AA1CD /* Keys */ = {
			isa = PBXGroup;
			children = (
				377A19581A8ADD29007AA1CD /* BCKeyPair.h */,
				377A19591A8ADD29007AA1CD /* BCKeyPair.m */,
				377A19651A8B0144007AA1CD /* BCKeySequence.h */,
				377A19661A8B0144007AA1CD /* BCKeySequence.m */,
			);
			name = Keys;
			sourceTree = "<group>";
		};
		377A195C1A8AE00A007AA1CD /* Protected Data */ = {
			isa = PBXGroup;
			children = (
				377A195D1A8AE03A007AA1CD /* BCProtectedData.h */,
				377A195E1A8AE03A007AA1CD /* BCProtectedData.m */,
			);
			name = "Protected Data";
			sourceTree = "<group>";
		};
		377A19691A8C01D2007AA1CD /* secp256k1 */ = {
			isa = PBXGroup;
			children = (
				377A196A1A8C020C007AA1CD /* BCsecp256k1.h */,
				377A196B1A8C020C007AA1CD /* BCsecp256k1.m */,
			);
			name = secp256k1;
			sourceTree = "<group>";
		};
		37BFECAF1A82D1460081BE4B = {
			isa = PBXGroup;
			children = (
				37BFECBB1A82D1460081BE4B /* Breadcrumb */,
				37BFECC81A82D1460081BE4B /* BreadcrumbTests */,
				37BFECBA1A82D1460081BE4B /* Products */,
			);
			sourceTree = "<group>";
		};
		37BFECBA1A82D1460081BE4B /* Products */ = {
			isa = PBXGroup;
			children = (
				37BFECB91A82D1460081BE4B /* Breadcrumb.framework */,
				37BFECC41A82D1460081BE4B /* BreadcrumbTests.xctest */,
			);
			name = Products;
			sourceTree = "<group>";
		};
		37BFECBB1A82D1460081BE4B /* Breadcrumb */ = {
			isa = PBXGroup;
			children = (
				37BFECBE1A82D1460081BE4B /* Breadcrumb.h */,
				3752B1C31A83709B0029C91C /* BreadcrumbCore.h */,
				377A18F21A843712007AA1CD /* Abstracts */,
				3767EC7B1A82E56C00AFD6D6 /* Interfaces */,
				37BFECED1A82D2AA0081BE4B /* Model */,
				3767F1371A830C6D00AFD6D6 /* NSUtilties */,
				37BFECBC1A82D1460081BE4B /* Supporting Files */,
				37BFECE31A82D2650081BE4B /* ThirdParty */,
				3711194E1A8320DF002D7E6B /* Frameworks */,
			);
			path = Breadcrumb;
			sourceTree = "<group>";
		};
		37BFECBC1A82D1460081BE4B /* Supporting Files */ = {
			isa = PBXGroup;
			children = (
				37D51BA51A8CD36E00A843B7 /* BIP39EnglishWords.plist */,
				37D51BA61A8CD36E00A843B7 /* FixedPeers.plist */,
				3767F1581A830F5200AFD6D6 /* Breadcrumb-Prefix.pch */,
				37BFECBD1A82D1460081BE4B /* Info.plist */,
			);
			name = "Supporting Files";
			sourceTree = "<group>";
		};
		37BFECC81A82D1460081BE4B /* BreadcrumbTests */ = {
			isa = PBXGroup;
			children = (
				37BFECCB1A82D1460081BE4B /* BreadcrumbTests.m */,
				37BFECC91A82D1460081BE4B /* Supporting Files */,
			);
			path = BreadcrumbTests;
			sourceTree = "<group>";
		};
		37BFECC91A82D1460081BE4B /* Supporting Files */ = {
			isa = PBXGroup;
			children = (
				37BFECCA1A82D1460081BE4B /* Info.plist */,
			);
			name = "Supporting Files";
			sourceTree = "<group>";
		};
		37BFECE31A82D2650081BE4B /* ThirdParty */ = {
			isa = PBXGroup;
			children = (
				370E68A01A931C8700862518 /* Big Number */,
				370E688B1A8D97AB00862518 /* RIPEMD160.c */,
				37D51B9D1A8CCA5C00A843B7 /* ccMemory.h */,
				37D51B9E1A8CCA5C00A843B7 /* Reachability.h */,
				37D51B9F1A8CCA5C00A843B7 /* Reachability.m */,
			);
			name = ThirdParty;
			sourceTree = "<group>";
		};
		37BFECED1A82D2AA0081BE4B /* Model */ = {
			isa = PBXGroup;
			children = (
				3767F12A1A830B8200AFD6D6 /* Mnemonic */,
			);
			name = Model;
			sourceTree = "<group>";
		};
/* End PBXGroup section */

/* Begin PBXHeadersBuildPhase section */
		37BFECB61A82D1460081BE4B /* Headers */ = {
			isa = PBXHeadersBuildPhase;
			buildActionMask = 2147483647;
			files = (
				377A191E1A858FFF007AA1CD /* BCProviderChain.h in Headers */,
				377A19221A85A5FC007AA1CD /* NSData+Encryption.h in Headers */,
				3752B1C41A83709B0029C91C /* BreadcrumbCore.h in Headers */,
				37D51BA41A8CCE1B00A843B7 /* BRMnemonic.h in Headers */,
				37BFECBF1A82D1460081BE4B /* Breadcrumb.h in Headers */,
				37D51B851A8CC9FB00A843B7 /* BRBIP39Mnemonic.h in Headers */,
				377A19671A8B0144007AA1CD /* BCKeySequence.h in Headers */,
				377A19071A8441CD007AA1CD /* BCAWallet.h in Headers */,
				377A196C1A8C020C007AA1CD /* BCsecp256k1.h in Headers */,
				377A19311A875751007AA1CD /* BCScript.h in Headers */,
				377A19031A844121007AA1CD /* BCAmount.h in Headers */,
				377A195A1A8ADD29007AA1CD /* BCKeyPair.h in Headers */,
				377A19141A8583B1007AA1CD /* BCWallet+Transactions.h in Headers */,
				377A191A1A858DB3007AA1CD /* BCAProvider.h in Headers */,
				377A190B1A84446C007AA1CD /* BCAddress.h in Headers */,
				377A19421A888741007AA1CD /* BCTransactionInput.h in Headers */,
				370E68931A8EB31E00862518 /* NSString+Base58.h in Headers */,
				3767F1591A830F5200AFD6D6 /* Breadcrumb-Prefix.pch in Headers */,
				377A193D1A88871E007AA1CD /* BCTransactionOutput.h in Headers */,
				37D51BA01A8CCA5C00A843B7 /* ccMemory.h in Headers */,
				377A19371A879185007AA1CD /* BCScript+DefaultScripts.h in Headers */,
				377A19461A897F94007AA1CD /* BCMutableTransaction.h in Headers */,
				37D51B931A8CCA2F00A843B7 /* NSData+Bitcoin.h in Headers */,
				377A195F1A8AE03A007AA1CD /* BCProtectedData.h in Headers */,
				377A194E1A89AE2E007AA1CD /* BCWallet+TransactionSigning.h in Headers */,
				377A19341A875F16007AA1CD /* BCScriptOpCodes.h in Headers */,
				37D51BA11A8CCA5C00A843B7 /* Reachability.h in Headers */,
				377A19521A89BC52007AA1CD /* _BCWallet.h in Headers */,
				377A19101A844D76007AA1CD /* BCWallet.h in Headers */,
				37D51B951A8CCA2F00A843B7 /* NSData+Hash.h in Headers */,
				377A19631A8AF56D007AA1CD /* BCWallet+Restoration.h in Headers */,
				37D51B971A8CCA2F00A843B7 /* NSMutableData+Bitcoin.h in Headers */,
				377A18F01A8424A8007AA1CD /* BCMnemonic.h in Headers */,
				377A192B1A870C67007AA1CD /* BCTransaction.h in Headers */,
			);
			runOnlyForDeploymentPostprocessing = 0;
		};
/* End PBXHeadersBuildPhase section */

/* Begin PBXNativeTarget section */
		37BFECB81A82D1460081BE4B /* Breadcrumb */ = {
			isa = PBXNativeTarget;
			buildConfigurationList = 37BFECCF1A82D1460081BE4B /* Build configuration list for PBXNativeTarget "Breadcrumb" */;
			buildPhases = (
				37BFECB41A82D1460081BE4B /* Sources */,
				37BFECB51A82D1460081BE4B /* Frameworks */,
				37BFECB61A82D1460081BE4B /* Headers */,
				37BFECB71A82D1460081BE4B /* Resources */,
				377A19391A882CEF007AA1CD /* Make Univeral Framework */,
			);
			buildRules = (
			);
			dependencies = (
			);
			name = Breadcrumb;
			productName = Breadcrumb;
			productReference = 37BFECB91A82D1460081BE4B /* Breadcrumb.framework */;
			productType = "com.apple.product-type.framework";
		};
		37BFECC31A82D1460081BE4B /* BreadcrumbTests */ = {
			isa = PBXNativeTarget;
			buildConfigurationList = 37BFECD21A82D1460081BE4B /* Build configuration list for PBXNativeTarget "BreadcrumbTests" */;
			buildPhases = (
				37BFECC01A82D1460081BE4B /* Sources */,
				37BFECC11A82D1460081BE4B /* Frameworks */,
				37BFECC21A82D1460081BE4B /* Resources */,
			);
			buildRules = (
			);
			dependencies = (
				37BFECC71A82D1460081BE4B /* PBXTargetDependency */,
			);
			name = BreadcrumbTests;
			productName = BreadcrumbTests;
			productReference = 37BFECC41A82D1460081BE4B /* BreadcrumbTests.xctest */;
			productType = "com.apple.product-type.bundle.unit-test";
		};
/* End PBXNativeTarget section */

/* Begin PBXProject section */
		37BFECB01A82D1460081BE4B /* Project object */ = {
			isa = PBXProject;
			attributes = {
				LastUpgradeCheck = 0610;
				ORGANIZATIONNAME = Breadcrumb;
				TargetAttributes = {
					37BFECB81A82D1460081BE4B = {
						CreatedOnToolsVersion = 6.1;
					};
					37BFECC31A82D1460081BE4B = {
						CreatedOnToolsVersion = 6.1;
					};
				};
			};
			buildConfigurationList = 37BFECB31A82D1460081BE4B /* Build configuration list for PBXProject "Breadcrumb" */;
			compatibilityVersion = "Xcode 3.2";
			developmentRegion = English;
			hasScannedForEncodings = 0;
			knownRegions = (
				en,
			);
			mainGroup = 37BFECAF1A82D1460081BE4B;
			productRefGroup = 37BFECBA1A82D1460081BE4B /* Products */;
			projectDirPath = "";
			projectRoot = "";
			targets = (
				37BFECB81A82D1460081BE4B /* Breadcrumb */,
				37BFECC31A82D1460081BE4B /* BreadcrumbTests */,
			);
		};
/* End PBXProject section */

/* Begin PBXResourcesBuildPhase section */
		37BFECB71A82D1460081BE4B /* Resources */ = {
			isa = PBXResourcesBuildPhase;
			buildActionMask = 2147483647;
			files = (
				37D51BA71A8CD36E00A843B7 /* BIP39EnglishWords.plist in Resources */,
				37D51BA81A8CD36E00A843B7 /* FixedPeers.plist in Resources */,
			);
			runOnlyForDeploymentPostprocessing = 0;
		};
		37BFECC21A82D1460081BE4B /* Resources */ = {
			isa = PBXResourcesBuildPhase;
			buildActionMask = 2147483647;
			files = (
			);
			runOnlyForDeploymentPostprocessing = 0;
		};
/* End PBXResourcesBuildPhase section */

/* Begin PBXShellScriptBuildPhase section */
		377A19391A882CEF007AA1CD /* Make Univeral Framework */ = {
			isa = PBXShellScriptBuildPhase;
			buildActionMask = 2147483647;
			files = (
			);
			inputPaths = (
			);
			name = "Make Univeral Framework";
			outputPaths = (
			);
			runOnlyForDeploymentPostprocessing = 0;
			shellPath = /bin/sh;
			shellScript = "# Compiles the framework into a universal framework\nSCRIPT_SRC=$(find \"$PROJECT_DIR/../\" -name 'makeUniversalFramework.sh')\nif [ ! \"${SCRIPT_SRC}\" ]; then\necho \"Make Universal Framework Failed: err: script not found. Make sure that you're including script in your project directory\"\nexit 1\nfi\nsource \"${SCRIPT_SRC}\"";
		};
/* End PBXShellScriptBuildPhase section */

/* Begin PBXSourcesBuildPhase section */
		37BFECB41A82D1460081BE4B /* Sources */ = {
			isa = PBXSourcesBuildPhase;
			buildActionMask = 2147483647;
			files = (
				377A196D1A8C020C007AA1CD /* BCsecp256k1.m in Sources */,
				377A19431A888741007AA1CD /* BCTransactionInput.m in Sources */,
				370E688C1A8D97AB00862518 /* RIPEMD160.c in Sources */,
				370E68941A8EB31E00862518 /* NSString+Base58.m in Sources */,
				377A18F11A8424A8007AA1CD /* BCMnemonic.m in Sources */,
				37D51B961A8CCA2F00A843B7 /* NSData+Hash.m in Sources */,
				377A19381A879185007AA1CD /* BCScript+DefaultScripts.m in Sources */,
				377A194F1A89AE2E007AA1CD /* BCWallet+TransactionSigning.m in Sources */,
				377A19641A8AF56D007AA1CD /* BCWallet+Restoration.m in Sources */,
				377A19601A8AE03A007AA1CD /* BCProtectedData.m in Sources */,
				377A192C1A870C67007AA1CD /* BCTransaction.m in Sources */,
				377A19471A897F94007AA1CD /* BCMutableTransaction.m in Sources */,
				377A19041A844121007AA1CD /* BCAmount.m in Sources */,
				377A190C1A84446C007AA1CD /* BCAddress.m in Sources */,
				377A195B1A8ADD29007AA1CD /* BCKeyPair.m in Sources */,
				377A19681A8B0144007AA1CD /* BCKeySequence.m in Sources */,
				377A19151A8583B1007AA1CD /* BCWallet+Transactions.m in Sources */,
				377A19231A85A5FC007AA1CD /* NSData+Encryption.m in Sources */,
				377A19321A875751007AA1CD /* BCScript.m in Sources */,
				377A191B1A858DB3007AA1CD /* BCAProvider.m in Sources */,
				377A19081A8441CD007AA1CD /* BCAWallet.m in Sources */,
				37D51B941A8CCA2F00A843B7 /* NSData+Bitcoin.m in Sources */,
				377A191F1A858FFF007AA1CD /* BCProviderChain.m in Sources */,
				37D51B981A8CCA2F00A843B7 /* NSMutableData+Bitcoin.m in Sources */,
				37D51BA21A8CCA5C00A843B7 /* Reachability.m in Sources */,
				377A193E1A88871E007AA1CD /* BCTransactionOutput.m in Sources */,
				37D51B861A8CC9FB00A843B7 /* BRBIP39Mnemonic.m in Sources */,
				377A19111A844D76007AA1CD /* BCWallet.m in Sources */,
			);
			runOnlyForDeploymentPostprocessing = 0;
		};
		37BFECC01A82D1460081BE4B /* Sources */ = {
			isa = PBXSourcesBuildPhase;
			buildActionMask = 2147483647;
			files = (
				37BFECCC1A82D1460081BE4B /* BreadcrumbTests.m in Sources */,
			);
			runOnlyForDeploymentPostprocessing = 0;
		};
/* End PBXSourcesBuildPhase section */

/* Begin PBXTargetDependency section */
		37BFECC71A82D1460081BE4B /* PBXTargetDependency */ = {
			isa = PBXTargetDependency;
			target = 37BFECB81A82D1460081BE4B /* Breadcrumb */;
			targetProxy = 37BFECC61A82D1460081BE4B /* PBXContainerItemProxy */;
		};
/* End PBXTargetDependency section */

/* Begin XCBuildConfiguration section */
		37BFECCD1A82D1460081BE4B /* Debug */ = {
			isa = XCBuildConfiguration;
			buildSettings = {
				ALWAYS_SEARCH_USER_PATHS = NO;
				CLANG_CXX_LANGUAGE_STANDARD = "gnu++0x";
				CLANG_CXX_LIBRARY = "libc++";
				CLANG_ENABLE_MODULES = YES;
				CLANG_ENABLE_OBJC_ARC = YES;
				CLANG_WARN_BOOL_CONVERSION = YES;
				CLANG_WARN_CONSTANT_CONVERSION = YES;
				CLANG_WARN_DIRECT_OBJC_ISA_USAGE = YES_ERROR;
				CLANG_WARN_EMPTY_BODY = YES;
				CLANG_WARN_ENUM_CONVERSION = YES;
				CLANG_WARN_INT_CONVERSION = YES;
				CLANG_WARN_OBJC_ROOT_CLASS = YES_ERROR;
				CLANG_WARN_UNREACHABLE_CODE = YES;
				CLANG_WARN__DUPLICATE_METHOD_MATCH = YES;
				"CODE_SIGN_IDENTITY[sdk=iphoneos*]" = "iPhone Developer";
				COPY_PHASE_STRIP = NO;
				CURRENT_PROJECT_VERSION = 1;
				ENABLE_STRICT_OBJC_MSGSEND = YES;
				GCC_C_LANGUAGE_STANDARD = gnu99;
				GCC_DYNAMIC_NO_PIC = NO;
				GCC_OPTIMIZATION_LEVEL = 0;
				GCC_PREPROCESSOR_DEFINITIONS = (
					"DEBUG=1",
					"$(inherited)",
				);
				GCC_SYMBOLS_PRIVATE_EXTERN = NO;
				GCC_WARN_64_TO_32_BIT_CONVERSION = YES;
				GCC_WARN_ABOUT_RETURN_TYPE = YES_ERROR;
				GCC_WARN_UNDECLARED_SELECTOR = YES;
				GCC_WARN_UNINITIALIZED_AUTOS = YES_AGGRESSIVE;
				GCC_WARN_UNUSED_FUNCTION = YES;
				GCC_WARN_UNUSED_VARIABLE = YES;
				IPHONEOS_DEPLOYMENT_TARGET = 8.1;
				MTL_ENABLE_DEBUG_INFO = YES;
				ONLY_ACTIVE_ARCH = YES;
				SDKROOT = iphoneos;
				TARGETED_DEVICE_FAMILY = "1,2";
				VERSIONING_SYSTEM = "apple-generic";
				VERSION_INFO_PREFIX = "";
			};
			name = Debug;
		};
		37BFECCE1A82D1460081BE4B /* Release */ = {
			isa = XCBuildConfiguration;
			buildSettings = {
				ALWAYS_SEARCH_USER_PATHS = NO;
				CLANG_CXX_LANGUAGE_STANDARD = "gnu++0x";
				CLANG_CXX_LIBRARY = "libc++";
				CLANG_ENABLE_MODULES = YES;
				CLANG_ENABLE_OBJC_ARC = YES;
				CLANG_WARN_BOOL_CONVERSION = YES;
				CLANG_WARN_CONSTANT_CONVERSION = YES;
				CLANG_WARN_DIRECT_OBJC_ISA_USAGE = YES_ERROR;
				CLANG_WARN_EMPTY_BODY = YES;
				CLANG_WARN_ENUM_CONVERSION = YES;
				CLANG_WARN_INT_CONVERSION = YES;
				CLANG_WARN_OBJC_ROOT_CLASS = YES_ERROR;
				CLANG_WARN_UNREACHABLE_CODE = YES;
				CLANG_WARN__DUPLICATE_METHOD_MATCH = YES;
				"CODE_SIGN_IDENTITY[sdk=iphoneos*]" = "iPhone Developer";
				COPY_PHASE_STRIP = YES;
				CURRENT_PROJECT_VERSION = 1;
				ENABLE_NS_ASSERTIONS = NO;
				ENABLE_STRICT_OBJC_MSGSEND = YES;
				GCC_C_LANGUAGE_STANDARD = gnu99;
				GCC_WARN_64_TO_32_BIT_CONVERSION = YES;
				GCC_WARN_ABOUT_RETURN_TYPE = YES_ERROR;
				GCC_WARN_UNDECLARED_SELECTOR = YES;
				GCC_WARN_UNINITIALIZED_AUTOS = YES_AGGRESSIVE;
				GCC_WARN_UNUSED_FUNCTION = YES;
				GCC_WARN_UNUSED_VARIABLE = YES;
				IPHONEOS_DEPLOYMENT_TARGET = 8.1;
				MTL_ENABLE_DEBUG_INFO = NO;
				SDKROOT = iphoneos;
				TARGETED_DEVICE_FAMILY = "1,2";
				VALIDATE_PRODUCT = YES;
				VERSIONING_SYSTEM = "apple-generic";
				VERSION_INFO_PREFIX = "";
			};
			name = Release;
		};
		37BFECD01A82D1460081BE4B /* Debug */ = {
			isa = XCBuildConfiguration;
			buildSettings = {
				DEFINES_MODULE = YES;
				DYLIB_COMPATIBILITY_VERSION = 1;
				DYLIB_CURRENT_VERSION = 1;
				DYLIB_INSTALL_NAME_BASE = "@rpath";
				GCC_PRECOMPILE_PREFIX_HEADER = YES;
				GCC_PREFIX_HEADER = "Breadcrumb/Breadcrumb-Prefix.pch";
				HEADER_SEARCH_PATHS = (
					"$(inherited)",
					/Applications/Xcode.app/Contents/Developer/Toolchains/XcodeDefault.xctoolchain/usr/include,
					"\"$(SRCROOT)/../libs/\"/**",
				);
				INFOPLIST_FILE = Breadcrumb/Info.plist;
				INSTALL_PATH = "$(LOCAL_LIBRARY_DIR)/Frameworks";
				LD_RUNPATH_SEARCH_PATHS = "$(inherited) @executable_path/Frameworks @loader_path/Frameworks";
				LIBRARY_SEARCH_PATHS = (
					"$(inherited)",
					"${BUILD_DIR}",
					"$(SDKROOT)/usr/lib/system",
					"/Users/andrewhurst/21e6-Projects/Breadcrumb/libsecp256k1",
					"/Users/andrewhurst/21e6-Projects/Breadcrumb/libs/libbase58",
					"/Users/andrewhurst/21e6-Projects/Breadcrumb/libs/libsecp256k1",
				);
				PRODUCT_NAME = "$(TARGET_NAME)";
				SKIP_INSTALL = YES;
			};
			name = Debug;
		};
		37BFECD11A82D1460081BE4B /* Release */ = {
			isa = XCBuildConfiguration;
			buildSettings = {
				DEFINES_MODULE = YES;
				DYLIB_COMPATIBILITY_VERSION = 1;
				DYLIB_CURRENT_VERSION = 1;
				DYLIB_INSTALL_NAME_BASE = "@rpath";
				GCC_PRECOMPILE_PREFIX_HEADER = YES;
				GCC_PREFIX_HEADER = "Breadcrumb/Breadcrumb-Prefix.pch";
				HEADER_SEARCH_PATHS = (
					"$(inherited)",
					/Applications/Xcode.app/Contents/Developer/Toolchains/XcodeDefault.xctoolchain/usr/include,
					"\"$(SRCROOT)/../libs/\"/**",
				);
				INFOPLIST_FILE = Breadcrumb/Info.plist;
				INSTALL_PATH = "$(LOCAL_LIBRARY_DIR)/Frameworks";
				LD_RUNPATH_SEARCH_PATHS = "$(inherited) @executable_path/Frameworks @loader_path/Frameworks";
				LIBRARY_SEARCH_PATHS = (
					"$(inherited)",
					"${BUILD_DIR}",
					"$(SDKROOT)/usr/lib/system",
					"/Users/andrewhurst/21e6-Projects/Breadcrumb/libsecp256k1",
					"/Users/andrewhurst/21e6-Projects/Breadcrumb/libs/libbase58",
					"/Users/andrewhurst/21e6-Projects/Breadcrumb/libs/libsecp256k1",
				);
				PRODUCT_NAME = "$(TARGET_NAME)";
				SKIP_INSTALL = YES;
			};
			name = Release;
		};
		37BFECD31A82D1460081BE4B /* Debug */ = {
			isa = XCBuildConfiguration;
			buildSettings = {
				FRAMEWORK_SEARCH_PATHS = (
					"$(SDKROOT)/Developer/Library/Frameworks",
					"$(inherited)",
				);
				GCC_PRECOMPILE_PREFIX_HEADER = YES;
				GCC_PREFIX_HEADER = "Breadcrumb/Breadcrumb-Prefix.pch";
				GCC_PREPROCESSOR_DEFINITIONS = (
					"DEBUG=1",
					"$(inherited)",
				);
				INFOPLIST_FILE = BreadcrumbTests/Info.plist;
				LD_RUNPATH_SEARCH_PATHS = "$(inherited) @executable_path/Frameworks @loader_path/Frameworks";
				PRODUCT_NAME = "$(TARGET_NAME)";
			};
			name = Debug;
		};
		37BFECD41A82D1460081BE4B /* Release */ = {
			isa = XCBuildConfiguration;
			buildSettings = {
				FRAMEWORK_SEARCH_PATHS = (
					"$(SDKROOT)/Developer/Library/Frameworks",
					"$(inherited)",
				);
				GCC_PRECOMPILE_PREFIX_HEADER = YES;
				GCC_PREFIX_HEADER = "Breadcrumb/Breadcrumb-Prefix.pch";
				INFOPLIST_FILE = BreadcrumbTests/Info.plist;
				LD_RUNPATH_SEARCH_PATHS = "$(inherited) @executable_path/Frameworks @loader_path/Frameworks";
				PRODUCT_NAME = "$(TARGET_NAME)";
			};
			name = Release;
		};
/* End XCBuildConfiguration section */

/* Begin XCConfigurationList section */
		37BFECB31A82D1460081BE4B /* Build configuration list for PBXProject "Breadcrumb" */ = {
			isa = XCConfigurationList;
			buildConfigurations = (
				37BFECCD1A82D1460081BE4B /* Debug */,
				37BFECCE1A82D1460081BE4B /* Release */,
			);
			defaultConfigurationIsVisible = 0;
			defaultConfigurationName = Release;
		};
		37BFECCF1A82D1460081BE4B /* Build configuration list for PBXNativeTarget "Breadcrumb" */ = {
			isa = XCConfigurationList;
			buildConfigurations = (
				37BFECD01A82D1460081BE4B /* Debug */,
				37BFECD11A82D1460081BE4B /* Release */,
			);
			defaultConfigurationIsVisible = 0;
			defaultConfigurationName = Release;
		};
		37BFECD21A82D1460081BE4B /* Build configuration list for PBXNativeTarget "BreadcrumbTests" */ = {
			isa = XCConfigurationList;
			buildConfigurations = (
				37BFECD31A82D1460081BE4B /* Debug */,
				37BFECD41A82D1460081BE4B /* Release */,
			);
			defaultConfigurationIsVisible = 0;
			defaultConfigurationName = Release;
		};
/* End XCConfigurationList section */
	};
	rootObject = 37BFECB01A82D1460081BE4B /* Project object */;
}
