// !$*UTF8*$!
{
	archiveVersion = 1;
	classes = {
	};
	objectVersion = 46;
	objects = {

/* Begin PBXBuildFile section */
		37291DE61A8371E5009EE123 /* CoreData.framework in Frameworks */ = {isa = PBXBuildFile; fileRef = 37291DE51A8371E5009EE123 /* CoreData.framework */; };
		3752B19C1A836DFB0029C91C /* main.m in Sources */ = {isa = PBXBuildFile; fileRef = 3752B19B1A836DFB0029C91C /* main.m */; };
		3752B19F1A836DFB0029C91C /* AppDelegate.m in Sources */ = {isa = PBXBuildFile; fileRef = 3752B19E1A836DFB0029C91C /* AppDelegate.m */; };
		3752B1A21A836DFB0029C91C /* ViewController.m in Sources */ = {isa = PBXBuildFile; fileRef = 3752B1A11A836DFB0029C91C /* ViewController.m */; };
		3752B1A51A836DFB0029C91C /* Main.storyboard in Resources */ = {isa = PBXBuildFile; fileRef = 3752B1A31A836DFB0029C91C /* Main.storyboard */; };
		3752B1A71A836DFB0029C91C /* Images.xcassets in Resources */ = {isa = PBXBuildFile; fileRef = 3752B1A61A836DFB0029C91C /* Images.xcassets */; };
		3752B1AA1A836DFB0029C91C /* LaunchScreen.xib in Resources */ = {isa = PBXBuildFile; fileRef = 3752B1A81A836DFB0029C91C /* LaunchScreen.xib */; };
		3752B1B61A836DFB0029C91C /* Breadcrumb_ExampleTests.m in Sources */ = {isa = PBXBuildFile; fileRef = 3752B1B51A836DFB0029C91C /* Breadcrumb_ExampleTests.m */; };
		3752B1C01A836E280029C91C /* Breadcrumb.framework in Frameworks */ = {isa = PBXBuildFile; fileRef = 3752B1BF1A836E280029C91C /* Breadcrumb.framework */; };
		3752B1C11A836E280029C91C /* Breadcrumb.framework in Embed Frameworks */ = {isa = PBXBuildFile; fileRef = 3752B1BF1A836E280029C91C /* Breadcrumb.framework */; settings = {ATTRIBUTES = (CodeSignOnCopy, RemoveHeadersOnCopy, ); }; };
/* End PBXBuildFile section */

/* Begin PBXContainerItemProxy section */
		3752B1B01A836DFB0029C91C /* PBXContainerItemProxy */ = {
			isa = PBXContainerItemProxy;
			containerPortal = 3752B18E1A836DFB0029C91C /* Project object */;
			proxyType = 1;
			remoteGlobalIDString = 3752B1951A836DFB0029C91C;
			remoteInfo = "Breadcrumb Example";
		};
/* End PBXContainerItemProxy section */

/* Begin PBXCopyFilesBuildPhase section */
		3752B1C21A836E290029C91C /* Embed Frameworks */ = {
			isa = PBXCopyFilesBuildPhase;
			buildActionMask = 2147483647;
			dstPath = "";
			dstSubfolderSpec = 10;
			files = (
				3752B1C11A836E280029C91C /* Breadcrumb.framework in Embed Frameworks */,
			);
			name = "Embed Frameworks";
			runOnlyForDeploymentPostprocessing = 0;
		};
/* End PBXCopyFilesBuildPhase section */

/* Begin PBXFileReference section */
		37291DE51A8371E5009EE123 /* CoreData.framework */ = {isa = PBXFileReference; lastKnownFileType = wrapper.framework; name = CoreData.framework; path = System/Library/Frameworks/CoreData.framework; sourceTree = SDKROOT; };
		3752B1961A836DFB0029C91C /* Breadcrumb Example.app */ = {isa = PBXFileReference; explicitFileType = wrapper.application; includeInIndex = 0; path = "Breadcrumb Example.app"; sourceTree = BUILT_PRODUCTS_DIR; };
		3752B19A1A836DFB0029C91C /* Info.plist */ = {isa = PBXFileReference; lastKnownFileType = text.plist.xml; path = Info.plist; sourceTree = "<group>"; };
		3752B19B1A836DFB0029C91C /* main.m */ = {isa = PBXFileReference; lastKnownFileType = sourcecode.c.objc; path = main.m; sourceTree = "<group>"; };
		3752B19D1A836DFB0029C91C /* AppDelegate.h */ = {isa = PBXFileReference; lastKnownFileType = sourcecode.c.h; path = AppDelegate.h; sourceTree = "<group>"; };
		3752B19E1A836DFB0029C91C /* AppDelegate.m */ = {isa = PBXFileReference; lastKnownFileType = sourcecode.c.objc; path = AppDelegate.m; sourceTree = "<group>"; };
		3752B1A01A836DFB0029C91C /* ViewController.h */ = {isa = PBXFileReference; lastKnownFileType = sourcecode.c.h; path = ViewController.h; sourceTree = "<group>"; };
		3752B1A11A836DFB0029C91C /* ViewController.m */ = {isa = PBXFileReference; lastKnownFileType = sourcecode.c.objc; path = ViewController.m; sourceTree = "<group>"; };
		3752B1A41A836DFB0029C91C /* Base */ = {isa = PBXFileReference; lastKnownFileType = file.storyboard; name = Base; path = Base.lproj/Main.storyboard; sourceTree = "<group>"; };
		3752B1A61A836DFB0029C91C /* Images.xcassets */ = {isa = PBXFileReference; lastKnownFileType = folder.assetcatalog; path = Images.xcassets; sourceTree = "<group>"; };
		3752B1A91A836DFB0029C91C /* Base */ = {isa = PBXFileReference; lastKnownFileType = file.xib; name = Base; path = Base.lproj/LaunchScreen.xib; sourceTree = "<group>"; };
		3752B1AF1A836DFB0029C91C /* Breadcrumb ExampleTests.xctest */ = {isa = PBXFileReference; explicitFileType = wrapper.cfbundle; includeInIndex = 0; path = "Breadcrumb ExampleTests.xctest"; sourceTree = BUILT_PRODUCTS_DIR; };
		3752B1B41A836DFB0029C91C /* Info.plist */ = {isa = PBXFileReference; lastKnownFileType = text.plist.xml; path = Info.plist; sourceTree = "<group>"; };
		3752B1B51A836DFB0029C91C /* Breadcrumb_ExampleTests.m */ = {isa = PBXFileReference; lastKnownFileType = sourcecode.c.objc; path = Breadcrumb_ExampleTests.m; sourceTree = "<group>"; };
		3752B1BF1A836E280029C91C /* Breadcrumb.framework */ = {isa = PBXFileReference; explicitFileType = wrapper.framework; path = Breadcrumb.framework; sourceTree = BUILT_PRODUCTS_DIR; };
/* End PBXFileReference section */

/* Begin PBXFrameworksBuildPhase section */
		3752B1931A836DFB0029C91C /* Frameworks */ = {
			isa = PBXFrameworksBuildPhase;
			buildActionMask = 2147483647;
			files = (
				37291DE61A8371E5009EE123 /* CoreData.framework in Frameworks */,
				3752B1C01A836E280029C91C /* Breadcrumb.framework in Frameworks */,
			);
			runOnlyForDeploymentPostprocessing = 0;
		};
		3752B1AC1A836DFB0029C91C /* Frameworks */ = {
			isa = PBXFrameworksBuildPhase;
			buildActionMask = 2147483647;
			files = (
			);
			runOnlyForDeploymentPostprocessing = 0;
		};
/* End PBXFrameworksBuildPhase section */

/* Begin PBXGroup section */
		3752B18D1A836DFB0029C91C = {
			isa = PBXGroup;
			children = (
				37291DE51A8371E5009EE123 /* CoreData.framework */,
				3752B1BF1A836E280029C91C /* Breadcrumb.framework */,
				3752B1981A836DFB0029C91C /* Breadcrumb Example */,
				3752B1B21A836DFB0029C91C /* Breadcrumb ExampleTests */,
				3752B1971A836DFB0029C91C /* Products */,
			);
			sourceTree = "<group>";
		};
		3752B1971A836DFB0029C91C /* Products */ = {
			isa = PBXGroup;
			children = (
				3752B1961A836DFB0029C91C /* Breadcrumb Example.app */,
				3752B1AF1A836DFB0029C91C /* Breadcrumb ExampleTests.xctest */,
			);
			name = Products;
			sourceTree = "<group>";
		};
		3752B1981A836DFB0029C91C /* Breadcrumb Example */ = {
			isa = PBXGroup;
			children = (
				3752B19D1A836DFB0029C91C /* AppDelegate.h */,
				3752B19E1A836DFB0029C91C /* AppDelegate.m */,
				3752B1A01A836DFB0029C91C /* ViewController.h */,
				3752B1A11A836DFB0029C91C /* ViewController.m */,
				3752B1A31A836DFB0029C91C /* Main.storyboard */,
				3752B1A61A836DFB0029C91C /* Images.xcassets */,
				3752B1A81A836DFB0029C91C /* LaunchScreen.xib */,
				3752B1991A836DFB0029C91C /* Supporting Files */,
			);
			path = "Breadcrumb Example";
			sourceTree = "<group>";
		};
		3752B1991A836DFB0029C91C /* Supporting Files */ = {
			isa = PBXGroup;
			children = (
				3752B19A1A836DFB0029C91C /* Info.plist */,
				3752B19B1A836DFB0029C91C /* main.m */,
			);
			name = "Supporting Files";
			sourceTree = "<group>";
		};
		3752B1B21A836DFB0029C91C /* Breadcrumb ExampleTests */ = {
			isa = PBXGroup;
			children = (
				3752B1B51A836DFB0029C91C /* Breadcrumb_ExampleTests.m */,
				3752B1B31A836DFB0029C91C /* Supporting Files */,
			);
			path = "Breadcrumb ExampleTests";
			sourceTree = "<group>";
		};
		3752B1B31A836DFB0029C91C /* Supporting Files */ = {
			isa = PBXGroup;
			children = (
				3752B1B41A836DFB0029C91C /* Info.plist */,
			);
			name = "Supporting Files";
			sourceTree = "<group>";
		};
/* End PBXGroup section */

/* Begin PBXNativeTarget section */
		3752B1951A836DFB0029C91C /* Breadcrumb Example */ = {
			isa = PBXNativeTarget;
			buildConfigurationList = 3752B1B91A836DFB0029C91C /* Build configuration list for PBXNativeTarget "Breadcrumb Example" */;
			buildPhases = (
				3752B1921A836DFB0029C91C /* Sources */,
				3752B1931A836DFB0029C91C /* Frameworks */,
				3752B1941A836DFB0029C91C /* Resources */,
				3752B1C21A836E290029C91C /* Embed Frameworks */,
			);
			buildRules = (
			);
			dependencies = (
			);
			name = "Breadcrumb Example";
			productName = "Breadcrumb Example";
			productReference = 3752B1961A836DFB0029C91C /* Breadcrumb Example.app */;
			productType = "com.apple.product-type.application";
		};
		3752B1AE1A836DFB0029C91C /* Breadcrumb ExampleTests */ = {
			isa = PBXNativeTarget;
			buildConfigurationList = 3752B1BC1A836DFB0029C91C /* Build configuration list for PBXNativeTarget "Breadcrumb ExampleTests" */;
			buildPhases = (
				3752B1AB1A836DFB0029C91C /* Sources */,
				3752B1AC1A836DFB0029C91C /* Frameworks */,
				3752B1AD1A836DFB0029C91C /* Resources */,
			);
			buildRules = (
			);
			dependencies = (
				3752B1B11A836DFB0029C91C /* PBXTargetDependency */,
			);
			name = "Breadcrumb ExampleTests";
			productName = "Breadcrumb ExampleTests";
			productReference = 3752B1AF1A836DFB0029C91C /* Breadcrumb ExampleTests.xctest */;
			productType = "com.apple.product-type.bundle.unit-test";
		};
/* End PBXNativeTarget section */

/* Begin PBXProject section */
		3752B18E1A836DFB0029C91C /* Project object */ = {
			isa = PBXProject;
			attributes = {
				LastUpgradeCheck = 0610;
				ORGANIZATIONNAME = Breadcrumb;
				TargetAttributes = {
					3752B1951A836DFB0029C91C = {
						CreatedOnToolsVersion = 6.1;
					};
					3752B1AE1A836DFB0029C91C = {
						CreatedOnToolsVersion = 6.1;
						TestTargetID = 3752B1951A836DFB0029C91C;
					};
				};
			};
			buildConfigurationList = 3752B1911A836DFB0029C91C /* Build configuration list for PBXProject "Breadcrumb Example" */;
			compatibilityVersion = "Xcode 3.2";
			developmentRegion = English;
			hasScannedForEncodings = 0;
			knownRegions = (
				en,
				Base,
			);
			mainGroup = 3752B18D1A836DFB0029C91C;
			productRefGroup = 3752B1971A836DFB0029C91C /* Products */;
			projectDirPath = "";
			projectRoot = "";
			targets = (
				3752B1951A836DFB0029C91C /* Breadcrumb Example */,
				3752B1AE1A836DFB0029C91C /* Breadcrumb ExampleTests */,
			);
		};
/* End PBXProject section */

/* Begin PBXResourcesBuildPhase section */
		3752B1941A836DFB0029C91C /* Resources */ = {
			isa = PBXResourcesBuildPhase;
			buildActionMask = 2147483647;
			files = (
				3752B1A51A836DFB0029C91C /* Main.storyboard in Resources */,
				3752B1AA1A836DFB0029C91C /* LaunchScreen.xib in Resources */,
				3752B1A71A836DFB0029C91C /* Images.xcassets in Resources */,
			);
			runOnlyForDeploymentPostprocessing = 0;
		};
		3752B1AD1A836DFB0029C91C /* Resources */ = {
			isa = PBXResourcesBuildPhase;
			buildActionMask = 2147483647;
			files = (
			);
			runOnlyForDeploymentPostprocessing = 0;
		};
/* End PBXResourcesBuildPhase section */

/* Begin PBXSourcesBuildPhase section */
		3752B1921A836DFB0029C91C /* Sources */ = {
			isa = PBXSourcesBuildPhase;
			buildActionMask = 2147483647;
			files = (
				3752B1A21A836DFB0029C91C /* ViewController.m in Sources */,
				3752B19F1A836DFB0029C91C /* AppDelegate.m in Sources */,
				3752B19C1A836DFB0029C91C /* main.m in Sources */,
			);
			runOnlyForDeploymentPostprocessing = 0;
		};
		3752B1AB1A836DFB0029C91C /* Sources */ = {
			isa = PBXSourcesBuildPhase;
			buildActionMask = 2147483647;
			files = (
				3752B1B61A836DFB0029C91C /* Breadcrumb_ExampleTests.m in Sources */,
			);
			runOnlyForDeploymentPostprocessing = 0;
		};
/* End PBXSourcesBuildPhase section */

/* Begin PBXTargetDependency section */
		3752B1B11A836DFB0029C91C /* PBXTargetDependency */ = {
			isa = PBXTargetDependency;
			target = 3752B1951A836DFB0029C91C /* Breadcrumb Example */;
			targetProxy = 3752B1B01A836DFB0029C91C /* PBXContainerItemProxy */;
		};
/* End PBXTargetDependency section */

/* Begin PBXVariantGroup section */
		3752B1A31A836DFB0029C91C /* Main.storyboard */ = {
			isa = PBXVariantGroup;
			children = (
				3752B1A41A836DFB0029C91C /* Base */,
			);
			name = Main.storyboard;
			sourceTree = "<group>";
		};
		3752B1A81A836DFB0029C91C /* LaunchScreen.xib */ = {
			isa = PBXVariantGroup;
			children = (
				3752B1A91A836DFB0029C91C /* Base */,
			);
			name = LaunchScreen.xib;
			sourceTree = "<group>";
		};
/* End PBXVariantGroup section */

/* Begin XCBuildConfiguration section */
		3752B1B71A836DFB0029C91C /* Debug */ = {
			isa = XCBuildConfiguration;
			buildSettings = {
				ALWAYS_SEARCH_USER_PATHS = NO;
				CLANG_CXX_LANGUAGE_STANDARD = "gnu++0x";
				CLANG_CXX_LIBRARY = "libc++";
				CLANG_ENABLE_MODULES = YES;
				CLANG_ENABLE_OBJC_ARC = YES;
				CLANG_WARN_BOOL_CONVERSION = YES;
				CLANG_WARN_CONSTANT_CONVERSION = YES;
				CLANG_WARN_DIRECT_OBJC_ISA_USAGE = YES_ERROR;
				CLANG_WARN_EMPTY_BODY = YES;
				CLANG_WARN_ENUM_CONVERSION = YES;
				CLANG_WARN_INT_CONVERSION = YES;
				CLANG_WARN_OBJC_ROOT_CLASS = YES_ERROR;
				CLANG_WARN_UNREACHABLE_CODE = YES;
				CLANG_WARN__DUPLICATE_METHOD_MATCH = YES;
				"CODE_SIGN_IDENTITY[sdk=iphoneos*]" = "iPhone Developer";
				COPY_PHASE_STRIP = NO;
				ENABLE_STRICT_OBJC_MSGSEND = YES;
				GCC_C_LANGUAGE_STANDARD = gnu99;
				GCC_DYNAMIC_NO_PIC = NO;
				GCC_OPTIMIZATION_LEVEL = 0;
				GCC_PREPROCESSOR_DEFINITIONS = (
					"DEBUG=1",
					"$(inherited)",
				);
				GCC_SYMBOLS_PRIVATE_EXTERN = NO;
				GCC_WARN_64_TO_32_BIT_CONVERSION = YES;
				GCC_WARN_ABOUT_RETURN_TYPE = YES_ERROR;
				GCC_WARN_UNDECLARED_SELECTOR = YES;
				GCC_WARN_UNINITIALIZED_AUTOS = YES_AGGRESSIVE;
				GCC_WARN_UNUSED_FUNCTION = YES;
				GCC_WARN_UNUSED_VARIABLE = YES;
				IPHONEOS_DEPLOYMENT_TARGET = 8.1;
				MTL_ENABLE_DEBUG_INFO = YES;
				ONLY_ACTIVE_ARCH = YES;
				SDKROOT = iphoneos;
				TARGETED_DEVICE_FAMILY = "1,2";
			};
			name = Debug;
		};
		3752B1B81A836DFB0029C91C /* Release */ = {
			isa = XCBuildConfiguration;
			buildSettings = {
				ALWAYS_SEARCH_USER_PATHS = NO;
				CLANG_CXX_LANGUAGE_STANDARD = "gnu++0x";
				CLANG_CXX_LIBRARY = "libc++";
				CLANG_ENABLE_MODULES = YES;
				CLANG_ENABLE_OBJC_ARC = YES;
				CLANG_WARN_BOOL_CONVERSION = YES;
				CLANG_WARN_CONSTANT_CONVERSION = YES;
				CLANG_WARN_DIRECT_OBJC_ISA_USAGE = YES_ERROR;
				CLANG_WARN_EMPTY_BODY = YES;
				CLANG_WARN_ENUM_CONVERSION = YES;
				CLANG_WARN_INT_CONVERSION = YES;
				CLANG_WARN_OBJC_ROOT_CLASS = YES_ERROR;
				CLANG_WARN_UNREACHABLE_CODE = YES;
				CLANG_WARN__DUPLICATE_METHOD_MATCH = YES;
				"CODE_SIGN_IDENTITY[sdk=iphoneos*]" = "iPhone Developer";
				COPY_PHASE_STRIP = YES;
				ENABLE_NS_ASSERTIONS = NO;
				ENABLE_STRICT_OBJC_MSGSEND = YES;
				GCC_C_LANGUAGE_STANDARD = gnu99;
				GCC_WARN_64_TO_32_BIT_CONVERSION = YES;
				GCC_WARN_ABOUT_RETURN_TYPE = YES_ERROR;
				GCC_WARN_UNDECLARED_SELECTOR = YES;
				GCC_WARN_UNINITIALIZED_AUTOS = YES_AGGRESSIVE;
				GCC_WARN_UNUSED_FUNCTION = YES;
				GCC_WARN_UNUSED_VARIABLE = YES;
				IPHONEOS_DEPLOYMENT_TARGET = 8.1;
				MTL_ENABLE_DEBUG_INFO = NO;
				SDKROOT = iphoneos;
				TARGETED_DEVICE_FAMILY = "1,2";
				VALIDATE_PRODUCT = YES;
			};
			name = Release;
		};
		3752B1BA1A836DFB0029C91C /* Debug */ = {
			isa = XCBuildConfiguration;
			buildSettings = {
				ASSETCATALOG_COMPILER_APPICON_NAME = AppIcon;
				FRAMEWORK_SEARCH_PATHS = (
					"$(inherited)",
					"\"${BUILD_DIR}\"",
				);
				INFOPLIST_FILE = "Breadcrumb Example/Info.plist";
				LD_RUNPATH_SEARCH_PATHS = "$(inherited) @executable_path/Frameworks";
				PRODUCT_NAME = "$(TARGET_NAME)";
			};
			name = Debug;
		};
		3752B1BB1A836DFB0029C91C /* Release */ = {
			isa = XCBuildConfiguration;
			buildSettings = {
				ASSETCATALOG_COMPILER_APPICON_NAME = AppIcon;
				FRAMEWORK_SEARCH_PATHS = (
					"$(inherited)",
					"\"${BUILD_DIR}\"",
				);
				INFOPLIST_FILE = "Breadcrumb Example/Info.plist";
				LD_RUNPATH_SEARCH_PATHS = "$(inherited) @executable_path/Frameworks";
				PRODUCT_NAME = "$(TARGET_NAME)";
			};
			name = Release;
		};
		3752B1BD1A836DFB0029C91C /* Debug */ = {
			isa = XCBuildConfiguration;
			buildSettings = {
				BUNDLE_LOADER = "$(TEST_HOST)";
				FRAMEWORK_SEARCH_PATHS = (
					"$(SDKROOT)/Developer/Library/Frameworks",
					"$(inherited)",
				);
				GCC_PREPROCESSOR_DEFINITIONS = (
					"DEBUG=1",
					"$(inherited)",
				);
				INFOPLIST_FILE = "Breadcrumb ExampleTests/Info.plist";
				LD_RUNPATH_SEARCH_PATHS = "$(inherited) @executable_path/Frameworks @loader_path/Frameworks";
				PRODUCT_NAME = "$(TARGET_NAME)";
				TEST_HOST = "$(BUILT_PRODUCTS_DIR)/Breadcrumb Example.app/Breadcrumb Example";
			};
			name = Debug;
		};
		3752B1BE1A836DFB0029C91C /* Release */ = {
			isa = XCBuildConfiguration;
			buildSettings = {
				BUNDLE_LOADER = "$(TEST_HOST)";
				FRAMEWORK_SEARCH_PATHS = (
					"$(SDKROOT)/Developer/Library/Frameworks",
					"$(inherited)",
				);
				INFOPLIST_FILE = "Breadcrumb ExampleTests/Info.plist";
				LD_RUNPATH_SEARCH_PATHS = "$(inherited) @executable_path/Frameworks @loader_path/Frameworks";
				PRODUCT_NAME = "$(TARGET_NAME)";
				TEST_HOST = "$(BUILT_PRODUCTS_DIR)/Breadcrumb Example.app/Breadcrumb Example";
			};
			name = Release;
		};
/* End XCBuildConfiguration section */

/* Begin XCConfigurationList section */
		3752B1911A836DFB0029C91C /* Build configuration list for PBXProject "Breadcrumb Example" */ = {
			isa = XCConfigurationList;
			buildConfigurations = (
				3752B1B71A836DFB0029C91C /* Debug */,
				3752B1B81A836DFB0029C91C /* Release */,
			);
			defaultConfigurationIsVisible = 0;
			defaultConfigurationName = Release;
		};
		3752B1B91A836DFB0029C91C /* Build configuration list for PBXNativeTarget "Breadcrumb Example" */ = {
			isa = XCConfigurationList;
			buildConfigurations = (
				3752B1BA1A836DFB0029C91C /* Debug */,
				3752B1BB1A836DFB0029C91C /* Release */,
			);
			defaultConfigurationIsVisible = 0;
			defaultConfigurationName = Release;
		};
		3752B1BC1A836DFB0029C91C /* Build configuration list for PBXNativeTarget "Breadcrumb ExampleTests" */ = {
			isa = XCConfigurationList;
			buildConfigurations = (
				3752B1BD1A836DFB0029C91C /* Debug */,
				3752B1BE1A836DFB0029C91C /* Release */,
			);
			defaultConfigurationIsVisible = 0;
			defaultConfigurationName = Release;
		};
/* End XCConfigurationList section */
	};
	rootObject = 3752B18E1A836DFB0029C91C /* Project object */;
}
